// !$*UTF8*$!
{
	archiveVersion = 1;
	classes = {
	};
	objectVersion = 56;
	objects = {

/* Begin PBXBuildFile section */
		44121F0B2ACF7B7800D1E820 /* LogInViewController.swift in Sources */ = {isa = PBXBuildFile; fileRef = 44121F0A2ACF7B7800D1E820 /* LogInViewController.swift */; };
		441631312AC855F500E77304 /* ResizeImage.swift in Sources */ = {isa = PBXBuildFile; fileRef = 441631302AC855F500E77304 /* ResizeImage.swift */; };
		4418576D2AB1F3A0003F77CC /* AppDelegate.swift in Sources */ = {isa = PBXBuildFile; fileRef = 4418576C2AB1F3A0003F77CC /* AppDelegate.swift */; };
		4418576F2AB1F3A0003F77CC /* SceneDelegate.swift in Sources */ = {isa = PBXBuildFile; fileRef = 4418576E2AB1F3A0003F77CC /* SceneDelegate.swift */; };
		441857712AB1F3A0003F77CC /* ViewController.swift in Sources */ = {isa = PBXBuildFile; fileRef = 441857702AB1F3A0003F77CC /* ViewController.swift */; };
		441857762AB1F3A1003F77CC /* Assets.xcassets in Resources */ = {isa = PBXBuildFile; fileRef = 441857752AB1F3A1003F77CC /* Assets.xcassets */; };
		441857792AB1F3A1003F77CC /* LaunchScreen.storyboard in Resources */ = {isa = PBXBuildFile; fileRef = 441857772AB1F3A1003F77CC /* LaunchScreen.storyboard */; };
		441857812AB1F436003F77CC /* ProfileViewController.swift in Sources */ = {isa = PBXBuildFile; fileRef = 441857802AB1F436003F77CC /* ProfileViewController.swift */; };
		441857832AB1F443003F77CC /* FeedViewController.swift in Sources */ = {isa = PBXBuildFile; fileRef = 441857822AB1F443003F77CC /* FeedViewController.swift */; };
		441857852AB1F9E0003F77CC /* PostViewController.swift in Sources */ = {isa = PBXBuildFile; fileRef = 441857842AB1F9E0003F77CC /* PostViewController.swift */; };
		441857872AB1F9EB003F77CC /* Post.swift in Sources */ = {isa = PBXBuildFile; fileRef = 441857862AB1F9EB003F77CC /* Post.swift */; };
		441857892AB1FE70003F77CC /* InfoViewController.swift in Sources */ = {isa = PBXBuildFile; fileRef = 441857882AB1FE70003F77CC /* InfoViewController.swift */; };
		44B40C112AB739DD00EF39DC /* ProfileHeaderView.swift in Sources */ = {isa = PBXBuildFile; fileRef = 44B40C102AB739DD00EF39DC /* ProfileHeaderView.swift */; };
/* End PBXBuildFile section */

/* Begin PBXFileReference section */
		44121F0A2ACF7B7800D1E820 /* LogInViewController.swift */ = {isa = PBXFileReference; lastKnownFileType = sourcecode.swift; path = LogInViewController.swift; sourceTree = "<group>"; };
		441631302AC855F500E77304 /* ResizeImage.swift */ = {isa = PBXFileReference; lastKnownFileType = sourcecode.swift; path = ResizeImage.swift; sourceTree = "<group>"; };
		441857692AB1F3A0003F77CC /* Navigation.app */ = {isa = PBXFileReference; explicitFileType = wrapper.application; includeInIndex = 0; path = Navigation.app; sourceTree = BUILT_PRODUCTS_DIR; };
		4418576C2AB1F3A0003F77CC /* AppDelegate.swift */ = {isa = PBXFileReference; lastKnownFileType = sourcecode.swift; path = AppDelegate.swift; sourceTree = "<group>"; };
		4418576E2AB1F3A0003F77CC /* SceneDelegate.swift */ = {isa = PBXFileReference; lastKnownFileType = sourcecode.swift; path = SceneDelegate.swift; sourceTree = "<group>"; };
		441857702AB1F3A0003F77CC /* ViewController.swift */ = {isa = PBXFileReference; lastKnownFileType = sourcecode.swift; path = ViewController.swift; sourceTree = "<group>"; };
		441857752AB1F3A1003F77CC /* Assets.xcassets */ = {isa = PBXFileReference; lastKnownFileType = folder.assetcatalog; path = Assets.xcassets; sourceTree = "<group>"; };
		441857782AB1F3A1003F77CC /* Base */ = {isa = PBXFileReference; lastKnownFileType = file.storyboard; name = Base; path = Base.lproj/LaunchScreen.storyboard; sourceTree = "<group>"; };
		4418577A2AB1F3A1003F77CC /* Info.plist */ = {isa = PBXFileReference; lastKnownFileType = text.plist.xml; path = Info.plist; sourceTree = "<group>"; };
		441857802AB1F436003F77CC /* ProfileViewController.swift */ = {isa = PBXFileReference; lastKnownFileType = sourcecode.swift; path = ProfileViewController.swift; sourceTree = "<group>"; };
		441857822AB1F443003F77CC /* FeedViewController.swift */ = {isa = PBXFileReference; lastKnownFileType = sourcecode.swift; path = FeedViewController.swift; sourceTree = "<group>"; };
		441857842AB1F9E0003F77CC /* PostViewController.swift */ = {isa = PBXFileReference; lastKnownFileType = sourcecode.swift; path = PostViewController.swift; sourceTree = "<group>"; };
		441857862AB1F9EB003F77CC /* Post.swift */ = {isa = PBXFileReference; lastKnownFileType = sourcecode.swift; path = Post.swift; sourceTree = "<group>"; };
		441857882AB1FE70003F77CC /* InfoViewController.swift */ = {isa = PBXFileReference; lastKnownFileType = sourcecode.swift; path = InfoViewController.swift; sourceTree = "<group>"; };
		44B40C102AB739DD00EF39DC /* ProfileHeaderView.swift */ = {isa = PBXFileReference; lastKnownFileType = sourcecode.swift; path = ProfileHeaderView.swift; sourceTree = "<group>"; wrapsLines = 0; };
/* End PBXFileReference section */

/* Begin PBXFrameworksBuildPhase section */
		441857662AB1F3A0003F77CC /* Frameworks */ = {
			isa = PBXFrameworksBuildPhase;
			buildActionMask = 2147483647;
			files = (
			);
			runOnlyForDeploymentPostprocessing = 0;
		};
/* End PBXFrameworksBuildPhase section */

/* Begin PBXGroup section */
		44121F0C2ACF7D1800D1E820 /* Additional files */ = {
			isa = PBXGroup;
			children = (
				441631302AC855F500E77304 /* ResizeImage.swift */,
				441857862AB1F9EB003F77CC /* Post.swift */,
			);
			path = "Additional files";
			sourceTree = "<group>";
		};
		441857602AB1F3A0003F77CC = {
			isa = PBXGroup;
			children = (
				4418576B2AB1F3A0003F77CC /* Navigation */,
				4418576A2AB1F3A0003F77CC /* Products */,
			);
			sourceTree = "<group>";
		};
		4418576A2AB1F3A0003F77CC /* Products */ = {
			isa = PBXGroup;
			children = (
				441857692AB1F3A0003F77CC /* Navigation.app */,
			);
			name = Products;
			sourceTree = "<group>";
		};
		4418576B2AB1F3A0003F77CC /* Navigation */ = {
			isa = PBXGroup;
			children = (
				44B40C0F2AB739C100EF39DC /* ProfileHeaderView */,
				4418576C2AB1F3A0003F77CC /* AppDelegate.swift */,
				4418576E2AB1F3A0003F77CC /* SceneDelegate.swift */,
				441857702AB1F3A0003F77CC /* ViewController.swift */,
				441857802AB1F436003F77CC /* ProfileViewController.swift */,
				441857822AB1F443003F77CC /* FeedViewController.swift */,
				441857842AB1F9E0003F77CC /* PostViewController.swift */,
				441857882AB1FE70003F77CC /* InfoViewController.swift */,
				44121F0C2ACF7D1800D1E820 /* Additional files */,
				441857772AB1F3A1003F77CC /* LaunchScreen.storyboard */,
				441857752AB1F3A1003F77CC /* Assets.xcassets */,
				4418577A2AB1F3A1003F77CC /* Info.plist */,
			);
			path = Navigation;
			sourceTree = "<group>";
		};
		44B40C0F2AB739C100EF39DC /* ProfileHeaderView */ = {
			isa = PBXGroup;
			children = (
				44B40C102AB739DD00EF39DC /* ProfileHeaderView.swift */,
				44121F0A2ACF7B7800D1E820 /* LogInViewController.swift */,
			);
			path = ProfileHeaderView;
			sourceTree = "<group>";
		};
/* End PBXGroup section */

/* Begin PBXNativeTarget section */
		441857682AB1F3A0003F77CC /* Navigation */ = {
			isa = PBXNativeTarget;
			buildConfigurationList = 4418577D2AB1F3A1003F77CC /* Build configuration list for PBXNativeTarget "Navigation" */;
			buildPhases = (
				441857652AB1F3A0003F77CC /* Sources */,
				441857662AB1F3A0003F77CC /* Frameworks */,
				441857672AB1F3A0003F77CC /* Resources */,
			);
			buildRules = (
			);
			dependencies = (
			);
			name = Navigation;
			productName = Navigation;
			productReference = 441857692AB1F3A0003F77CC /* Navigation.app */;
			productType = "com.apple.product-type.application";
		};
/* End PBXNativeTarget section */

/* Begin PBXProject section */
		441857612AB1F3A0003F77CC /* Project object */ = {
			isa = PBXProject;
			attributes = {
				BuildIndependentTargetsInParallel = 1;
				LastSwiftUpdateCheck = 1430;
				LastUpgradeCheck = 1430;
				TargetAttributes = {
					441857682AB1F3A0003F77CC = {
						CreatedOnToolsVersion = 14.3.1;
					};
				};
			};
			buildConfigurationList = 441857642AB1F3A0003F77CC /* Build configuration list for PBXProject "Navigation" */;
			compatibilityVersion = "Xcode 14.0";
			developmentRegion = en;
			hasScannedForEncodings = 0;
			knownRegions = (
				en,
				Base,
			);
			mainGroup = 441857602AB1F3A0003F77CC;
			productRefGroup = 4418576A2AB1F3A0003F77CC /* Products */;
			projectDirPath = "";
			projectRoot = "";
			targets = (
				441857682AB1F3A0003F77CC /* Navigation */,
			);
		};
/* End PBXProject section */

/* Begin PBXResourcesBuildPhase section */
		441857672AB1F3A0003F77CC /* Resources */ = {
			isa = PBXResourcesBuildPhase;
			buildActionMask = 2147483647;
			files = (
				441857792AB1F3A1003F77CC /* LaunchScreen.storyboard in Resources */,
				441857762AB1F3A1003F77CC /* Assets.xcassets in Resources */,
			);
			runOnlyForDeploymentPostprocessing = 0;
		};
/* End PBXResourcesBuildPhase section */

/* Begin PBXSourcesBuildPhase section */
		441857652AB1F3A0003F77CC /* Sources */ = {
			isa = PBXSourcesBuildPhase;
			buildActionMask = 2147483647;
			files = (
				441857852AB1F9E0003F77CC /* PostViewController.swift in Sources */,
				441857712AB1F3A0003F77CC /* ViewController.swift in Sources */,
				4418576D2AB1F3A0003F77CC /* AppDelegate.swift in Sources */,
				441857832AB1F443003F77CC /* FeedViewController.swift in Sources */,
				44B40C112AB739DD00EF39DC /* ProfileHeaderView.swift in Sources */,
				441631312AC855F500E77304 /* ResizeImage.swift in Sources */,
				441857812AB1F436003F77CC /* ProfileViewController.swift in Sources */,
				441857872AB1F9EB003F77CC /* Post.swift in Sources */,
				441857892AB1FE70003F77CC /* InfoViewController.swift in Sources */,
				44121F0B2ACF7B7800D1E820 /* LogInViewController.swift in Sources */,
				4418576F2AB1F3A0003F77CC /* SceneDelegate.swift in Sources */,
			);
			runOnlyForDeploymentPostprocessing = 0;
		};
/* End PBXSourcesBuildPhase section */

/* Begin PBXVariantGroup section */
		441857772AB1F3A1003F77CC /* LaunchScreen.storyboard */ = {
			isa = PBXVariantGroup;
			children = (
				441857782AB1F3A1003F77CC /* Base */,
			);
			name = LaunchScreen.storyboard;
			sourceTree = "<group>";
		};
/* End PBXVariantGroup section */

/* Begin XCBuildConfiguration section */
		4418577B2AB1F3A1003F77CC /* Debug */ = {
			isa = XCBuildConfiguration;
			buildSettings = {
				ALWAYS_SEARCH_USER_PATHS = NO;
				CLANG_ANALYZER_NONNULL = YES;
				CLANG_ANALYZER_NUMBER_OBJECT_CONVERSION = YES_AGGRESSIVE;
				CLANG_CXX_LANGUAGE_STANDARD = "gnu++20";
				CLANG_ENABLE_MODULES = YES;
				CLANG_ENABLE_OBJC_ARC = YES;
				CLANG_ENABLE_OBJC_WEAK = YES;
				CLANG_WARN_BLOCK_CAPTURE_AUTORELEASING = YES;
				CLANG_WARN_BOOL_CONVERSION = YES;
				CLANG_WARN_COMMA = YES;
				CLANG_WARN_CONSTANT_CONVERSION = YES;
				CLANG_WARN_DEPRECATED_OBJC_IMPLEMENTATIONS = YES;
				CLANG_WARN_DIRECT_OBJC_ISA_USAGE = YES_ERROR;
				CLANG_WARN_DOCUMENTATION_COMMENTS = YES;
				CLANG_WARN_EMPTY_BODY = YES;
				CLANG_WARN_ENUM_CONVERSION = YES;
				CLANG_WARN_INFINITE_RECURSION = YES;
				CLANG_WARN_INT_CONVERSION = YES;
				CLANG_WARN_NON_LITERAL_NULL_CONVERSION = YES;
				CLANG_WARN_OBJC_IMPLICIT_RETAIN_SELF = YES;
				CLANG_WARN_OBJC_LITERAL_CONVERSION = YES;
				CLANG_WARN_OBJC_ROOT_CLASS = YES_ERROR;
				CLANG_WARN_QUOTED_INCLUDE_IN_FRAMEWORK_HEADER = YES;
				CLANG_WARN_RANGE_LOOP_ANALYSIS = YES;
				CLANG_WARN_STRICT_PROTOTYPES = YES;
				CLANG_WARN_SUSPICIOUS_MOVE = YES;
				CLANG_WARN_UNGUARDED_AVAILABILITY = YES_AGGRESSIVE;
				CLANG_WARN_UNREACHABLE_CODE = YES;
				CLANG_WARN__DUPLICATE_METHOD_MATCH = YES;
				COPY_PHASE_STRIP = NO;
				DEBUG_INFORMATION_FORMAT = dwarf;
				ENABLE_STRICT_OBJC_MSGSEND = YES;
				ENABLE_TESTABILITY = YES;
				GCC_C_LANGUAGE_STANDARD = gnu11;
				GCC_DYNAMIC_NO_PIC = NO;
				GCC_NO_COMMON_BLOCKS = YES;
				GCC_OPTIMIZATION_LEVEL = 0;
				GCC_PREPROCESSOR_DEFINITIONS = (
					"DEBUG=1",
					"$(inherited)",
				);
				GCC_WARN_64_TO_32_BIT_CONVERSION = YES;
				GCC_WARN_ABOUT_RETURN_TYPE = YES_ERROR;
				GCC_WARN_UNDECLARED_SELECTOR = YES;
				GCC_WARN_UNINITIALIZED_AUTOS = YES_AGGRESSIVE;
				GCC_WARN_UNUSED_FUNCTION = YES;
				GCC_WARN_UNUSED_VARIABLE = YES;
				IPHONEOS_DEPLOYMENT_TARGET = 16.4;
				MTL_ENABLE_DEBUG_INFO = INCLUDE_SOURCE;
				MTL_FAST_MATH = YES;
				ONLY_ACTIVE_ARCH = YES;
				SDKROOT = iphoneos;
				SWIFT_ACTIVE_COMPILATION_CONDITIONS = DEBUG;
				SWIFT_OPTIMIZATION_LEVEL = "-Onone";
			};
			name = Debug;
		};
		4418577C2AB1F3A1003F77CC /* Release */ = {
			isa = XCBuildConfiguration;
			buildSettings = {
				ALWAYS_SEARCH_USER_PATHS = NO;
				CLANG_ANALYZER_NONNULL = YES;
				CLANG_ANALYZER_NUMBER_OBJECT_CONVERSION = YES_AGGRESSIVE;
				CLANG_CXX_LANGUAGE_STANDARD = "gnu++20";
				CLANG_ENABLE_MODULES = YES;
				CLANG_ENABLE_OBJC_ARC = YES;
				CLANG_ENABLE_OBJC_WEAK = YES;
				CLANG_WARN_BLOCK_CAPTURE_AUTORELEASING = YES;
				CLANG_WARN_BOOL_CONVERSION = YES;
				CLANG_WARN_COMMA = YES;
				CLANG_WARN_CONSTANT_CONVERSION = YES;
				CLANG_WARN_DEPRECATED_OBJC_IMPLEMENTATIONS = YES;
				CLANG_WARN_DIRECT_OBJC_ISA_USAGE = YES_ERROR;
				CLANG_WARN_DOCUMENTATION_COMMENTS = YES;
				CLANG_WARN_EMPTY_BODY = YES;
				CLANG_WARN_ENUM_CONVERSION = YES;
				CLANG_WARN_INFINITE_RECURSION = YES;
				CLANG_WARN_INT_CONVERSION = YES;
				CLANG_WARN_NON_LITERAL_NULL_CONVERSION = YES;
				CLANG_WARN_OBJC_IMPLICIT_RETAIN_SELF = YES;
				CLANG_WARN_OBJC_LITERAL_CONVERSION = YES;
				CLANG_WARN_OBJC_ROOT_CLASS = YES_ERROR;
				CLANG_WARN_QUOTED_INCLUDE_IN_FRAMEWORK_HEADER = YES;
				CLANG_WARN_RANGE_LOOP_ANALYSIS = YES;
				CLANG_WARN_STRICT_PROTOTYPES = YES;
				CLANG_WARN_SUSPICIOUS_MOVE = YES;
				CLANG_WARN_UNGUARDED_AVAILABILITY = YES_AGGRESSIVE;
				CLANG_WARN_UNREACHABLE_CODE = YES;
				CLANG_WARN__DUPLICATE_METHOD_MATCH = YES;
				COPY_PHASE_STRIP = NO;
				DEBUG_INFORMATION_FORMAT = "dwarf-with-dsym";
				ENABLE_NS_ASSERTIONS = NO;
				ENABLE_STRICT_OBJC_MSGSEND = YES;
				GCC_C_LANGUAGE_STANDARD = gnu11;
				GCC_NO_COMMON_BLOCKS = YES;
				GCC_WARN_64_TO_32_BIT_CONVERSION = YES;
				GCC_WARN_ABOUT_RETURN_TYPE = YES_ERROR;
				GCC_WARN_UNDECLARED_SELECTOR = YES;
				GCC_WARN_UNINITIALIZED_AUTOS = YES_AGGRESSIVE;
				GCC_WARN_UNUSED_FUNCTION = YES;
				GCC_WARN_UNUSED_VARIABLE = YES;
				IPHONEOS_DEPLOYMENT_TARGET = 16.4;
				MTL_ENABLE_DEBUG_INFO = NO;
				MTL_FAST_MATH = YES;
				SDKROOT = iphoneos;
				SWIFT_COMPILATION_MODE = wholemodule;
				SWIFT_OPTIMIZATION_LEVEL = "-O";
				VALIDATE_PRODUCT = YES;
			};
			name = Release;
		};
		4418577E2AB1F3A1003F77CC /* Debug */ = {
			isa = XCBuildConfiguration;
			buildSettings = {
				ASSETCATALOG_COMPILER_APPICON_NAME = AppIcon;
				ASSETCATALOG_COMPILER_GLOBAL_ACCENT_COLOR_NAME = AccentColor;
				CODE_SIGN_STYLE = Automatic;
				CURRENT_PROJECT_VERSION = 1;
				GENERATE_INFOPLIST_FILE = YES;
				INFOPLIST_FILE = Navigation/Info.plist;
				INFOPLIST_KEY_UIApplicationSupportsIndirectInputEvents = YES;
				INFOPLIST_KEY_UILaunchStoryboardName = LaunchScreen;
				INFOPLIST_KEY_UISupportedInterfaceOrientations_iPad = "UIInterfaceOrientationPortrait UIInterfaceOrientationPortraitUpsideDown UIInterfaceOrientationLandscapeLeft UIInterfaceOrientationLandscapeRight";
				INFOPLIST_KEY_UISupportedInterfaceOrientations_iPhone = "UIInterfaceOrientationPortrait UIInterfaceOrientationLandscapeLeft UIInterfaceOrientationLandscapeRight";
				LD_RUNPATH_SEARCH_PATHS = (
					"$(inherited)",
					"@executable_path/Frameworks",
				);
				MARKETING_VERSION = 1.0;
				PRODUCT_BUNDLE_IDENTIFIER = com.Netology.Navigation;
				PRODUCT_NAME = "$(TARGET_NAME)";
				SWIFT_EMIT_LOC_STRINGS = YES;
				SWIFT_VERSION = 5.0;
				TARGETED_DEVICE_FAMILY = "1,2";
			};
			name = Debug;
		};
		4418577F2AB1F3A1003F77CC /* Release */ = {
			isa = XCBuildConfiguration;
			buildSettings = {
				ASSETCATALOG_COMPILER_APPICON_NAME = AppIcon;
				ASSETCATALOG_COMPILER_GLOBAL_ACCENT_COLOR_NAME = AccentColor;
				CODE_SIGN_STYLE = Automatic;
				CURRENT_PROJECT_VERSION = 1;
				GENERATE_INFOPLIST_FILE = YES;
				INFOPLIST_FILE = Navigation/Info.plist;
				INFOPLIST_KEY_UIApplicationSupportsIndirectInputEvents = YES;
				INFOPLIST_KEY_UILaunchStoryboardName = LaunchScreen;
				INFOPLIST_KEY_UISupportedInterfaceOrientations_iPad = "UIInterfaceOrientationPortrait UIInterfaceOrientationPortraitUpsideDown UIInterfaceOrientationLandscapeLeft UIInterfaceOrientationLandscapeRight";
				INFOPLIST_KEY_UISupportedInterfaceOrientations_iPhone = "UIInterfaceOrientationPortrait UIInterfaceOrientationLandscapeLeft UIInterfaceOrientationLandscapeRight";
				LD_RUNPATH_SEARCH_PATHS = (
					"$(inherited)",
					"@executable_path/Frameworks",
				);
				MARKETING_VERSION = 1.0;
				PRODUCT_BUNDLE_IDENTIFIER = com.Netology.Navigation;
				PRODUCT_NAME = "$(TARGET_NAME)";
				SWIFT_EMIT_LOC_STRINGS = YES;
				SWIFT_VERSION = 5.0;
				TARGETED_DEVICE_FAMILY = "1,2";
			};
			name = Release;
		};
/* End XCBuildConfiguration section */

/* Begin XCConfigurationList section */
		441857642AB1F3A0003F77CC /* Build configuration list for PBXProject "Navigation" */ = {
			isa = XCConfigurationList;
			buildConfigurations = (
				4418577B2AB1F3A1003F77CC /* Debug */,
				4418577C2AB1F3A1003F77CC /* Release */,
			);
			defaultConfigurationIsVisible = 0;
			defaultConfigurationName = Release;
		};
		4418577D2AB1F3A1003F77CC /* Build configuration list for PBXNativeTarget "Navigation" */ = {
			isa = XCConfigurationList;
			buildConfigurations = (
				4418577E2AB1F3A1003F77CC /* Debug */,
				4418577F2AB1F3A1003F77CC /* Release */,
			);
			defaultConfigurationIsVisible = 0;
			defaultConfigurationName = Release;
		};
/* End XCConfigurationList section */
	};
	rootObject = 441857612AB1F3A0003F77CC /* Project object */;
}
