// !$*UTF8*$!
{
	archiveVersion = 1;
	classes = {
	};
	objectVersion = 56;
	objects = {

/* Begin PBXBuildFile section */
		4418576D2AB1F3A0003F77CC /* AppDelegate.swift in Sources */ = {isa = PBXBuildFile; fileRef = 4418576C2AB1F3A0003F77CC /* AppDelegate.swift */; };
		4418576F2AB1F3A0003F77CC /* SceneDelegate.swift in Sources */ = {isa = PBXBuildFile; fileRef = 4418576E2AB1F3A0003F77CC /* SceneDelegate.swift */; };
		441857712AB1F3A0003F77CC /* ViewController.swift in Sources */ = {isa = PBXBuildFile; fileRef = 441857702AB1F3A0003F77CC /* ViewController.swift */; };
		441857762AB1F3A1003F77CC /* Assets.xcassets in Resources */ = {isa = PBXBuildFile; fileRef = 441857752AB1F3A1003F77CC /* Assets.xcassets */; };
		441857792AB1F3A1003F77CC /* LaunchScreen.storyboard in Resources */ = {isa = PBXBuildFile; fileRef = 441857772AB1F3A1003F77CC /* LaunchScreen.storyboard */; };
		44380D8A2B76BF8E00535C48 /* CustomTableViewCell.swift in Sources */ = {isa = PBXBuildFile; fileRef = 44380D892B76BF8E00535C48 /* CustomTableViewCell.swift */; };
		44380D8C2B76C16900535C48 /* UIViewExtension.swift in Sources */ = {isa = PBXBuildFile; fileRef = 44380D8B2B76C16900535C48 /* UIViewExtension.swift */; };
		447DD8012B8DD3F500AB7846 /* KeychainService.swift in Sources */ = {isa = PBXBuildFile; fileRef = 447DD8002B8DD3F500AB7846 /* KeychainService.swift */; };
		44986B852B7A6F01004A72A3 /* CreatePathComponent.swift in Sources */ = {isa = PBXBuildFile; fileRef = 44986B842B7A6F01004A72A3 /* CreatePathComponent.swift */; };
		44A188F52B8B5EEC007388EE /* OptionsVC.swift in Sources */ = {isa = PBXBuildFile; fileRef = 44A188F42B8B5EEC007388EE /* OptionsVC.swift */; };
		44A188F82B8B63F1007388EE /* KeychainAccess in Frameworks */ = {isa = PBXBuildFile; productRef = 44A188F72B8B63F1007388EE /* KeychainAccess */; };
		44DAEEE12B95AF9F00511BC3 /* Options.swift in Sources */ = {isa = PBXBuildFile; fileRef = 44DAEEE02B95AF9F00511BC3 /* Options.swift */; };
		44E260BB2B8C15D90074249C /* InitialScreenVC.swift in Sources */ = {isa = PBXBuildFile; fileRef = 44E260BA2B8C15D90074249C /* InitialScreenVC.swift */; };
		44E933932B98668300305516 /* UIVC+Extension.swift in Sources */ = {isa = PBXBuildFile; fileRef = 44E933922B98668300305516 /* UIVC+Extension.swift */; };
/* End PBXBuildFile section */

/* Begin PBXFileReference section */
		441857692AB1F3A0003F77CC /* Navigation.app */ = {isa = PBXFileReference; explicitFileType = wrapper.application; includeInIndex = 0; path = Navigation.app; sourceTree = BUILT_PRODUCTS_DIR; };
		4418576C2AB1F3A0003F77CC /* AppDelegate.swift */ = {isa = PBXFileReference; lastKnownFileType = sourcecode.swift; path = AppDelegate.swift; sourceTree = "<group>"; };
		4418576E2AB1F3A0003F77CC /* SceneDelegate.swift */ = {isa = PBXFileReference; lastKnownFileType = sourcecode.swift; path = SceneDelegate.swift; sourceTree = "<group>"; };
		441857702AB1F3A0003F77CC /* ViewController.swift */ = {isa = PBXFileReference; lastKnownFileType = sourcecode.swift; path = ViewController.swift; sourceTree = "<group>"; };
		441857752AB1F3A1003F77CC /* Assets.xcassets */ = {isa = PBXFileReference; lastKnownFileType = folder.assetcatalog; path = Assets.xcassets; sourceTree = "<group>"; };
		441857782AB1F3A1003F77CC /* Base */ = {isa = PBXFileReference; lastKnownFileType = file.storyboard; name = Base; path = Base.lproj/LaunchScreen.storyboard; sourceTree = "<group>"; };
		4418577A2AB1F3A1003F77CC /* Info.plist */ = {isa = PBXFileReference; lastKnownFileType = text.plist.xml; path = Info.plist; sourceTree = "<group>"; };
		44380D892B76BF8E00535C48 /* CustomTableViewCell.swift */ = {isa = PBXFileReference; lastKnownFileType = sourcecode.swift; path = CustomTableViewCell.swift; sourceTree = "<group>"; };
		44380D8B2B76C16900535C48 /* UIViewExtension.swift */ = {isa = PBXFileReference; lastKnownFileType = sourcecode.swift; path = UIViewExtension.swift; sourceTree = "<group>"; };
		447DD8002B8DD3F500AB7846 /* KeychainService.swift */ = {isa = PBXFileReference; lastKnownFileType = sourcecode.swift; path = KeychainService.swift; sourceTree = "<group>"; };
		44986B842B7A6F01004A72A3 /* CreatePathComponent.swift */ = {isa = PBXFileReference; lastKnownFileType = sourcecode.swift; path = CreatePathComponent.swift; sourceTree = "<group>"; };
		44A188F42B8B5EEC007388EE /* OptionsVC.swift */ = {isa = PBXFileReference; lastKnownFileType = sourcecode.swift; path = OptionsVC.swift; sourceTree = "<group>"; };
		44DAEEE02B95AF9F00511BC3 /* Options.swift */ = {isa = PBXFileReference; lastKnownFileType = sourcecode.swift; path = Options.swift; sourceTree = "<group>"; };
		44E260BA2B8C15D90074249C /* InitialScreenVC.swift */ = {isa = PBXFileReference; lastKnownFileType = sourcecode.swift; path = InitialScreenVC.swift; sourceTree = "<group>"; };
		44E933922B98668300305516 /* UIVC+Extension.swift */ = {isa = PBXFileReference; lastKnownFileType = sourcecode.swift; path = "UIVC+Extension.swift"; sourceTree = "<group>"; };
/* End PBXFileReference section */

/* Begin PBXFrameworksBuildPhase section */
		441857662AB1F3A0003F77CC /* Frameworks */ = {
			isa = PBXFrameworksBuildPhase;
			buildActionMask = 2147483647;
			files = (
				44A188F82B8B63F1007388EE /* KeychainAccess in Frameworks */,
			);
			runOnlyForDeploymentPostprocessing = 0;
		};
/* End PBXFrameworksBuildPhase section */

/* Begin PBXGroup section */
		441857602AB1F3A0003F77CC = {
			isa = PBXGroup;
			children = (
				4418576B2AB1F3A0003F77CC /* Navigation */,
				4418576A2AB1F3A0003F77CC /* Products */,
			);
			sourceTree = "<group>";
		};
		4418576A2AB1F3A0003F77CC /* Products */ = {
			isa = PBXGroup;
			children = (
				441857692AB1F3A0003F77CC /* Navigation.app */,
			);
			name = Products;
			sourceTree = "<group>";
		};
		4418576B2AB1F3A0003F77CC /* Navigation */ = {
			isa = PBXGroup;
			children = (
				4418576C2AB1F3A0003F77CC /* AppDelegate.swift */,
				4418576E2AB1F3A0003F77CC /* SceneDelegate.swift */,
				441857702AB1F3A0003F77CC /* ViewController.swift */,
				44380D892B76BF8E00535C48 /* CustomTableViewCell.swift */,
				44E260BA2B8C15D90074249C /* InitialScreenVC.swift */,
				44A188F42B8B5EEC007388EE /* OptionsVC.swift */,
				441857752AB1F3A1003F77CC /* Assets.xcassets */,
				441857772AB1F3A1003F77CC /* LaunchScreen.storyboard */,
				4418577A2AB1F3A1003F77CC /* Info.plist */,
				44380D8B2B76C16900535C48 /* UIViewExtension.swift */,
				44E933922B98668300305516 /* UIVC+Extension.swift */,
				44986B842B7A6F01004A72A3 /* CreatePathComponent.swift */,
				447DD8002B8DD3F500AB7846 /* KeychainService.swift */,
				44DAEEE02B95AF9F00511BC3 /* Options.swift */,
			);
			path = Navigation;
			sourceTree = "<group>";
		};
/* End PBXGroup section */

/* Begin PBXNativeTarget section */
		441857682AB1F3A0003F77CC /* Navigation */ = {
			isa = PBXNativeTarget;
			buildConfigurationList = 4418577D2AB1F3A1003F77CC /* Build configuration list for PBXNativeTarget "Navigation" */;
			buildPhases = (
				441857652AB1F3A0003F77CC /* Sources */,
				441857662AB1F3A0003F77CC /* Frameworks */,
				441857672AB1F3A0003F77CC /* Resources */,
			);
			buildRules = (
			);
			dependencies = (
			);
			name = Navigation;
			packageProductDependencies = (
				44A188F72B8B63F1007388EE /* KeychainAccess */,
			);
			productName = Navigation;
			productReference = 441857692AB1F3A0003F77CC /* Navigation.app */;
			productType = "com.apple.product-type.application";
		};
/* End PBXNativeTarget section */

/* Begin PBXProject section */
		441857612AB1F3A0003F77CC /* Project object */ = {
			isa = PBXProject;
			attributes = {
				BuildIndependentTargetsInParallel = 1;
				LastSwiftUpdateCheck = 1430;
				LastUpgradeCheck = 1520;
				TargetAttributes = {
					441857682AB1F3A0003F77CC = {
						CreatedOnToolsVersion = 14.3.1;
					};
				};
			};
			buildConfigurationList = 441857642AB1F3A0003F77CC /* Build configuration list for PBXProject "Navigation" */;
			compatibilityVersion = "Xcode 14.0";
			developmentRegion = en;
			hasScannedForEncodings = 0;
			knownRegions = (
				en,
				Base,
			);
			mainGroup = 441857602AB1F3A0003F77CC;
			packageReferences = (
				44A188F62B8B63F1007388EE /* XCRemoteSwiftPackageReference "KeychainAccess" */,
			);
			productRefGroup = 4418576A2AB1F3A0003F77CC /* Products */;
			projectDirPath = "";
			projectRoot = "";
			targets = (
				441857682AB1F3A0003F77CC /* Navigation */,
			);
		};
/* End PBXProject section */

/* Begin PBXResourcesBuildPhase section */
		441857672AB1F3A0003F77CC /* Resources */ = {
			isa = PBXResourcesBuildPhase;
			buildActionMask = 2147483647;
			files = (
				441857792AB1F3A1003F77CC /* LaunchScreen.storyboard in Resources */,
				441857762AB1F3A1003F77CC /* Assets.xcassets in Resources */,
			);
			runOnlyForDeploymentPostprocessing = 0;
		};
/* End PBXResourcesBuildPhase section */

/* Begin PBXSourcesBuildPhase section */
		441857652AB1F3A0003F77CC /* Sources */ = {
			isa = PBXSourcesBuildPhase;
			buildActionMask = 2147483647;
			files = (
				44380D8C2B76C16900535C48 /* UIViewExtension.swift in Sources */,
				44380D8A2B76BF8E00535C48 /* CustomTableViewCell.swift in Sources */,
				44A188F52B8B5EEC007388EE /* OptionsVC.swift in Sources */,
				447DD8012B8DD3F500AB7846 /* KeychainService.swift in Sources */,
				44E260BB2B8C15D90074249C /* InitialScreenVC.swift in Sources */,
				441857712AB1F3A0003F77CC /* ViewController.swift in Sources */,
				44E933932B98668300305516 /* UIVC+Extension.swift in Sources */,
				4418576D2AB1F3A0003F77CC /* AppDelegate.swift in Sources */,
				44986B852B7A6F01004A72A3 /* CreatePathComponent.swift in Sources */,
				44DAEEE12B95AF9F00511BC3 /* Options.swift in Sources */,
				4418576F2AB1F3A0003F77CC /* SceneDelegate.swift in Sources */,
			);
			runOnlyForDeploymentPostprocessing = 0;
		};
/* End PBXSourcesBuildPhase section */

/* Begin PBXVariantGroup section */
		441857772AB1F3A1003F77CC /* LaunchScreen.storyboard */ = {
			isa = PBXVariantGroup;
			children = (
				441857782AB1F3A1003F77CC /* Base */,
			);
			name = LaunchScreen.storyboard;
			sourceTree = "<group>";
		};
/* End PBXVariantGroup section */

/* Begin XCBuildConfiguration section */
		4418577B2AB1F3A1003F77CC /* Debug */ = {
			isa = XCBuildConfiguration;
			buildSettings = {
				ALWAYS_SEARCH_USER_PATHS = NO;
				CLANG_ANALYZER_NONNULL = YES;
				CLANG_ANALYZER_NUMBER_OBJECT_CONVERSION = YES_AGGRESSIVE;
				CLANG_CXX_LANGUAGE_STANDARD = "gnu++20";
				CLANG_ENABLE_MODULES = YES;
				CLANG_ENABLE_OBJC_ARC = YES;
				CLANG_ENABLE_OBJC_WEAK = YES;
				CLANG_WARN_BLOCK_CAPTURE_AUTORELEASING = YES;
				CLANG_WARN_BOOL_CONVERSION = YES;
				CLANG_WARN_COMMA = YES;
				CLANG_WARN_CONSTANT_CONVERSION = YES;
				CLANG_WARN_DEPRECATED_OBJC_IMPLEMENTATIONS = YES;
				CLANG_WARN_DIRECT_OBJC_ISA_USAGE = YES_ERROR;
				CLANG_WARN_DOCUMENTATION_COMMENTS = YES;
				CLANG_WARN_EMPTY_BODY = YES;
				CLANG_WARN_ENUM_CONVERSION = YES;
				CLANG_WARN_INFINITE_RECURSION = YES;
				CLANG_WARN_INT_CONVERSION = YES;
				CLANG_WARN_NON_LITERAL_NULL_CONVERSION = YES;
				CLANG_WARN_OBJC_IMPLICIT_RETAIN_SELF = YES;
				CLANG_WARN_OBJC_LITERAL_CONVERSION = YES;
				CLANG_WARN_OBJC_ROOT_CLASS = YES_ERROR;
				CLANG_WARN_QUOTED_INCLUDE_IN_FRAMEWORK_HEADER = YES;
				CLANG_WARN_RANGE_LOOP_ANALYSIS = YES;
				CLANG_WARN_STRICT_PROTOTYPES = YES;
				CLANG_WARN_SUSPICIOUS_MOVE = YES;
				CLANG_WARN_UNGUARDED_AVAILABILITY = YES_AGGRESSIVE;
				CLANG_WARN_UNREACHABLE_CODE = YES;
				CLANG_WARN__DUPLICATE_METHOD_MATCH = YES;
				COPY_PHASE_STRIP = NO;
				DEBUG_INFORMATION_FORMAT = dwarf;
				ENABLE_STRICT_OBJC_MSGSEND = YES;
				ENABLE_TESTABILITY = YES;
				ENABLE_USER_SCRIPT_SANDBOXING = YES;
				GCC_C_LANGUAGE_STANDARD = gnu11;
				GCC_DYNAMIC_NO_PIC = NO;
				GCC_NO_COMMON_BLOCKS = YES;
				GCC_OPTIMIZATION_LEVEL = 0;
				GCC_PREPROCESSOR_DEFINITIONS = (
					"DEBUG=1",
					"$(inherited)",
				);
				GCC_WARN_64_TO_32_BIT_CONVERSION = YES;
				GCC_WARN_ABOUT_RETURN_TYPE = YES_ERROR;
				GCC_WARN_UNDECLARED_SELECTOR = YES;
				GCC_WARN_UNINITIALIZED_AUTOS = YES_AGGRESSIVE;
				GCC_WARN_UNUSED_FUNCTION = YES;
				GCC_WARN_UNUSED_VARIABLE = YES;
				IPHONEOS_DEPLOYMENT_TARGET = 15.0;
				MTL_ENABLE_DEBUG_INFO = INCLUDE_SOURCE;
				MTL_FAST_MATH = YES;
				ONLY_ACTIVE_ARCH = YES;
				SDKROOT = iphoneos;
				SWIFT_ACTIVE_COMPILATION_CONDITIONS = DEBUG;
				SWIFT_OPTIMIZATION_LEVEL = "-Onone";
			};
			name = Debug;
		};
		4418577C2AB1F3A1003F77CC /* Release */ = {
			isa = XCBuildConfiguration;
			buildSettings = {
				ALWAYS_SEARCH_USER_PATHS = NO;
				CLANG_ANALYZER_NONNULL = YES;
				CLANG_ANALYZER_NUMBER_OBJECT_CONVERSION = YES_AGGRESSIVE;
				CLANG_CXX_LANGUAGE_STANDARD = "gnu++20";
				CLANG_ENABLE_MODULES = YES;
				CLANG_ENABLE_OBJC_ARC = YES;
				CLANG_ENABLE_OBJC_WEAK = YES;
				CLANG_WARN_BLOCK_CAPTURE_AUTORELEASING = YES;
				CLANG_WARN_BOOL_CONVERSION = YES;
				CLANG_WARN_COMMA = YES;
				CLANG_WARN_CONSTANT_CONVERSION = YES;
				CLANG_WARN_DEPRECATED_OBJC_IMPLEMENTATIONS = YES;
				CLANG_WARN_DIRECT_OBJC_ISA_USAGE = YES_ERROR;
				CLANG_WARN_DOCUMENTATION_COMMENTS = YES;
				CLANG_WARN_EMPTY_BODY = YES;
				CLANG_WARN_ENUM_CONVERSION = YES;
				CLANG_WARN_INFINITE_RECURSION = YES;
				CLANG_WARN_INT_CONVERSION = YES;
				CLANG_WARN_NON_LITERAL_NULL_CONVERSION = YES;
				CLANG_WARN_OBJC_IMPLICIT_RETAIN_SELF = YES;
				CLANG_WARN_OBJC_LITERAL_CONVERSION = YES;
				CLANG_WARN_OBJC_ROOT_CLASS = YES_ERROR;
				CLANG_WARN_QUOTED_INCLUDE_IN_FRAMEWORK_HEADER = YES;
				CLANG_WARN_RANGE_LOOP_ANALYSIS = YES;
				CLANG_WARN_STRICT_PROTOTYPES = YES;
				CLANG_WARN_SUSPICIOUS_MOVE = YES;
				CLANG_WARN_UNGUARDED_AVAILABILITY = YES_AGGRESSIVE;
				CLANG_WARN_UNREACHABLE_CODE = YES;
				CLANG_WARN__DUPLICATE_METHOD_MATCH = YES;
				COPY_PHASE_STRIP = NO;
				DEBUG_INFORMATION_FORMAT = "dwarf-with-dsym";
				ENABLE_NS_ASSERTIONS = NO;
				ENABLE_STRICT_OBJC_MSGSEND = YES;
				ENABLE_USER_SCRIPT_SANDBOXING = YES;
				GCC_C_LANGUAGE_STANDARD = gnu11;
				GCC_NO_COMMON_BLOCKS = YES;
				GCC_WARN_64_TO_32_BIT_CONVERSION = YES;
				GCC_WARN_ABOUT_RETURN_TYPE = YES_ERROR;
				GCC_WARN_UNDECLARED_SELECTOR = YES;
				GCC_WARN_UNINITIALIZED_AUTOS = YES_AGGRESSIVE;
				GCC_WARN_UNUSED_FUNCTION = YES;
				GCC_WARN_UNUSED_VARIABLE = YES;
				IPHONEOS_DEPLOYMENT_TARGET = 15.0;
				MTL_ENABLE_DEBUG_INFO = NO;
				MTL_FAST_MATH = YES;
				SDKROOT = iphoneos;
				SWIFT_COMPILATION_MODE = wholemodule;
				SWIFT_OPTIMIZATION_LEVEL = "-O";
				VALIDATE_PRODUCT = YES;
			};
			name = Release;
		};
		4418577E2AB1F3A1003F77CC /* Debug */ = {
			isa = XCBuildConfiguration;
			buildSettings = {
				ASSETCATALOG_COMPILER_APPICON_NAME = AppIcon;
				ASSETCATALOG_COMPILER_GLOBAL_ACCENT_COLOR_NAME = AccentColor;
				CODE_SIGN_STYLE = Automatic;
				CURRENT_PROJECT_VERSION = 1;
				GENERATE_INFOPLIST_FILE = YES;
				INFOPLIST_FILE = Navigation/Info.plist;
				INFOPLIST_KEY_UIApplicationSupportsIndirectInputEvents = YES;
				INFOPLIST_KEY_UILaunchStoryboardName = LaunchScreen;
				INFOPLIST_KEY_UISupportedInterfaceOrientations_iPad = "UIInterfaceOrientationPortrait UIInterfaceOrientationPortraitUpsideDown UIInterfaceOrientationLandscapeLeft UIInterfaceOrientationLandscapeRight";
				INFOPLIST_KEY_UISupportedInterfaceOrientations_iPhone = "UIInterfaceOrientationPortrait UIInterfaceOrientationLandscapeLeft UIInterfaceOrientationLandscapeRight";
				LD_RUNPATH_SEARCH_PATHS = (
					"$(inherited)",
					"@executable_path/Frameworks",
				);
				MARKETING_VERSION = 1.0;
				PRODUCT_BUNDLE_IDENTIFIER = com.Netology.Navigation;
				PRODUCT_NAME = "$(TARGET_NAME)";
				SWIFT_EMIT_LOC_STRINGS = YES;
				SWIFT_VERSION = 5.0;
				TARGETED_DEVICE_FAMILY = "1,2";
			};
			name = Debug;
		};
		4418577F2AB1F3A1003F77CC /* Release */ = {
			isa = XCBuildConfiguration;
			buildSettings = {
				ASSETCATALOG_COMPILER_APPICON_NAME = AppIcon;
				ASSETCATALOG_COMPILER_GLOBAL_ACCENT_COLOR_NAME = AccentColor;
				CODE_SIGN_STYLE = Automatic;
				CURRENT_PROJECT_VERSION = 1;
				GENERATE_INFOPLIST_FILE = YES;
				INFOPLIST_FILE = Navigation/Info.plist;
				INFOPLIST_KEY_UIApplicationSupportsIndirectInputEvents = YES;
				INFOPLIST_KEY_UILaunchStoryboardName = LaunchScreen;
				INFOPLIST_KEY_UISupportedInterfaceOrientations_iPad = "UIInterfaceOrientationPortrait UIInterfaceOrientationPortraitUpsideDown UIInterfaceOrientationLandscapeLeft UIInterfaceOrientationLandscapeRight";
				INFOPLIST_KEY_UISupportedInterfaceOrientations_iPhone = "UIInterfaceOrientationPortrait UIInterfaceOrientationLandscapeLeft UIInterfaceOrientationLandscapeRight";
				LD_RUNPATH_SEARCH_PATHS = (
					"$(inherited)",
					"@executable_path/Frameworks",
				);
				MARKETING_VERSION = 1.0;
				PRODUCT_BUNDLE_IDENTIFIER = com.Netology.Navigation;
				PRODUCT_NAME = "$(TARGET_NAME)";
				SWIFT_EMIT_LOC_STRINGS = YES;
				SWIFT_VERSION = 5.0;
				TARGETED_DEVICE_FAMILY = "1,2";
			};
			name = Release;
		};
/* End XCBuildConfiguration section */

/* Begin XCConfigurationList section */
		441857642AB1F3A0003F77CC /* Build configuration list for PBXProject "Navigation" */ = {
			isa = XCConfigurationList;
			buildConfigurations = (
				4418577B2AB1F3A1003F77CC /* Debug */,
				4418577C2AB1F3A1003F77CC /* Release */,
			);
			defaultConfigurationIsVisible = 0;
			defaultConfigurationName = Release;
		};
		4418577D2AB1F3A1003F77CC /* Build configuration list for PBXNativeTarget "Navigation" */ = {
			isa = XCConfigurationList;
			buildConfigurations = (
				4418577E2AB1F3A1003F77CC /* Debug */,
				4418577F2AB1F3A1003F77CC /* Release */,
			);
			defaultConfigurationIsVisible = 0;
			defaultConfigurationName = Release;
		};
/* End XCConfigurationList section */

/* Begin XCRemoteSwiftPackageReference section */
		44A188F62B8B63F1007388EE /* XCRemoteSwiftPackageReference "KeychainAccess" */ = {
			isa = XCRemoteSwiftPackageReference;
			repositoryURL = "https://github.com/kishikawakatsumi/KeychainAccess";
			requirement = {
				branch = master;
				kind = branch;
			};
		};
/* End XCRemoteSwiftPackageReference section */

/* Begin XCSwiftPackageProductDependency section */
		44A188F72B8B63F1007388EE /* KeychainAccess */ = {
			isa = XCSwiftPackageProductDependency;
			package = 44A188F62B8B63F1007388EE /* XCRemoteSwiftPackageReference "KeychainAccess" */;
			productName = KeychainAccess;
		};
/* End XCSwiftPackageProductDependency section */
	};
	rootObject = 441857612AB1F3A0003F77CC /* Project object */;
}
