// !$*UTF8*$!
{
	archiveVersion = 1;
	classes = {
	};
	objectVersion = 56;
	objects = {

/* Begin PBXBuildFile section */
		44053DE42AF8639F00984D35 /* StorageService.docc in Sources */ = {isa = PBXBuildFile; fileRef = 44053DE32AF8639F00984D35 /* StorageService.docc */; };
		44053DEA2AF8639F00984D35 /* StorageService.framework in Frameworks */ = {isa = PBXBuildFile; fileRef = 44053DE02AF8639F00984D35 /* StorageService.framework */; };
		44053DF12AF8639F00984D35 /* StorageServiceTests.swift in Sources */ = {isa = PBXBuildFile; fileRef = 44053DF02AF8639F00984D35 /* StorageServiceTests.swift */; };
		44053DF22AF8639F00984D35 /* StorageService.h in Headers */ = {isa = PBXBuildFile; fileRef = 44053DE22AF8639F00984D35 /* StorageService.h */; settings = {ATTRIBUTES = (Public, ); }; };
		44053DF52AF8639F00984D35 /* StorageService.framework in Frameworks */ = {isa = PBXBuildFile; fileRef = 44053DE02AF8639F00984D35 /* StorageService.framework */; };
		44053DF62AF8639F00984D35 /* StorageService.framework in Embed Frameworks */ = {isa = PBXBuildFile; fileRef = 44053DE02AF8639F00984D35 /* StorageService.framework */; settings = {ATTRIBUTES = (CodeSignOnCopy, RemoveHeadersOnCopy, ); }; };
		44121F0B2ACF7B7800D1E820 /* LogInViewController.swift in Sources */ = {isa = PBXBuildFile; fileRef = 44121F0A2ACF7B7800D1E820 /* LogInViewController.swift */; };
		4418576D2AB1F3A0003F77CC /* AppDelegate.swift in Sources */ = {isa = PBXBuildFile; fileRef = 4418576C2AB1F3A0003F77CC /* AppDelegate.swift */; };
		4418576F2AB1F3A0003F77CC /* SceneDelegate.swift in Sources */ = {isa = PBXBuildFile; fileRef = 4418576E2AB1F3A0003F77CC /* SceneDelegate.swift */; };
		441857762AB1F3A1003F77CC /* Assets.xcassets in Resources */ = {isa = PBXBuildFile; fileRef = 441857752AB1F3A1003F77CC /* Assets.xcassets */; };
		441857792AB1F3A1003F77CC /* LaunchScreen.storyboard in Resources */ = {isa = PBXBuildFile; fileRef = 441857772AB1F3A1003F77CC /* LaunchScreen.storyboard */; };
		441857812AB1F436003F77CC /* ProfileViewController.swift in Sources */ = {isa = PBXBuildFile; fileRef = 441857802AB1F436003F77CC /* ProfileViewController.swift */; };
		441857832AB1F443003F77CC /* FeedViewController.swift in Sources */ = {isa = PBXBuildFile; fileRef = 441857822AB1F443003F77CC /* FeedViewController.swift */; };
		441857852AB1F9E0003F77CC /* PostViewController.swift in Sources */ = {isa = PBXBuildFile; fileRef = 441857842AB1F9E0003F77CC /* PostViewController.swift */; };
		441857892AB1FE70003F77CC /* InfoViewController.swift in Sources */ = {isa = PBXBuildFile; fileRef = 441857882AB1FE70003F77CC /* InfoViewController.swift */; };
		442A0EFD2B13ED9100851992 /* FeedModel.swift in Sources */ = {isa = PBXBuildFile; fileRef = 442A0EFC2B13ED9100851992 /* FeedModel.swift */; };
		443094662B0285BA0082397C /* Cheker.swift in Sources */ = {isa = PBXBuildFile; fileRef = 443094652B0285BA0082397C /* Cheker.swift */; };
		443094682B02FAC40082397C /* LoginViewControllerDelegate.swift in Sources */ = {isa = PBXBuildFile; fileRef = 443094672B02FAC40082397C /* LoginViewControllerDelegate.swift */; };
		4430946A2B0301E30082397C /* LoginInspector.swift in Sources */ = {isa = PBXBuildFile; fileRef = 443094692B0301E30082397C /* LoginInspector.swift */; };
		4472CF272B1171C300300709 /* CustomButton.swift in Sources */ = {isa = PBXBuildFile; fileRef = 4472CF262B1171C300300709 /* CustomButton.swift */; };
		447A3E082ADE9DE2003274DB /* PostTableViewCell.swift in Sources */ = {isa = PBXBuildFile; fileRef = 447A3E072ADE9DE2003274DB /* PostTableViewCell.swift */; };
		44803D0A2B2F40F600B0D490 /* iOSIntPackage in Frameworks */ = {isa = PBXBuildFile; productRef = 44803D092B2F40F600B0D490 /* iOSIntPackage */; };
		448216742AE9504E00BA3C25 /* CellForPhotosTableViewCell.swift in Sources */ = {isa = PBXBuildFile; fileRef = 448216732AE9504E00BA3C25 /* CellForPhotosTableViewCell.swift */; };
		4486D5A42AFAEAF900469365 /* Post.swift in Sources */ = {isa = PBXBuildFile; fileRef = 4486D5A32AFAEAF900469365 /* Post.swift */; };
		4486D5A62AFAEB0700469365 /* UserService.swift in Sources */ = {isa = PBXBuildFile; fileRef = 4486D5A52AFAEB0700469365 /* UserService.swift */; };
		44879C752AEB2852007FA135 /* PhotosViewController.swift in Sources */ = {isa = PBXBuildFile; fileRef = 44879C742AEB2852007FA135 /* PhotosViewController.swift */; };
		44879C782AEB2D7C007FA135 /* PhotosCollectionViewCell.swift in Sources */ = {isa = PBXBuildFile; fileRef = 44879C772AEB2D7C007FA135 /* PhotosCollectionViewCell.swift */; };
		448DB1552B159E7C00F53047 /* FeedView.swift in Sources */ = {isa = PBXBuildFile; fileRef = 448DB1542B159E7C00F53047 /* FeedView.swift */; };
		448DB1592B15A2DC00F53047 /* FeedViewDelegate.swift in Sources */ = {isa = PBXBuildFile; fileRef = 448DB1582B15A2DC00F53047 /* FeedViewDelegate.swift */; };
		4494F38E2B0E288000E8B904 /* ResizeImage.swift in Sources */ = {isa = PBXBuildFile; fileRef = 4494F38D2B0E288000E8B904 /* ResizeImage.swift */; };
		4494F3902B0E289900E8B904 /* MakeUIImageArray.swift in Sources */ = {isa = PBXBuildFile; fileRef = 4494F38F2B0E289900E8B904 /* MakeUIImageArray.swift */; };
		4499DC9D2AE8948D0057EF73 /* PhotosTableViewCell.swift in Sources */ = {isa = PBXBuildFile; fileRef = 4499DC9C2AE8948D0057EF73 /* PhotosTableViewCell.swift */; };
		44A8A4C22B1F2A4300B88FF5 /* ProfileViewModel.swift in Sources */ = {isa = PBXBuildFile; fileRef = 44A8A4C12B1F2A4300B88FF5 /* ProfileViewModel.swift */; };
		44B40C112AB739DD00EF39DC /* ProfileHeaderView.swift in Sources */ = {isa = PBXBuildFile; fileRef = 44B40C102AB739DD00EF39DC /* ProfileHeaderView.swift */; };
		44E370A62B062FF3001592DA /* LoginFactory.swift in Sources */ = {isa = PBXBuildFile; fileRef = 44E370A52B062FF3001592DA /* LoginFactory.swift */; };
/* End PBXBuildFile section */

/* Begin PBXContainerItemProxy section */
		44053DEB2AF8639F00984D35 /* PBXContainerItemProxy */ = {
			isa = PBXContainerItemProxy;
			containerPortal = 441857612AB1F3A0003F77CC /* Project object */;
			proxyType = 1;
			remoteGlobalIDString = 44053DDF2AF8639F00984D35;
			remoteInfo = StorageService;
		};
		44053DED2AF8639F00984D35 /* PBXContainerItemProxy */ = {
			isa = PBXContainerItemProxy;
			containerPortal = 441857612AB1F3A0003F77CC /* Project object */;
			proxyType = 1;
			remoteGlobalIDString = 441857682AB1F3A0003F77CC;
			remoteInfo = Navigation;
		};
		44053DF32AF8639F00984D35 /* PBXContainerItemProxy */ = {
			isa = PBXContainerItemProxy;
			containerPortal = 441857612AB1F3A0003F77CC /* Project object */;
			proxyType = 1;
			remoteGlobalIDString = 44053DDF2AF8639F00984D35;
			remoteInfo = StorageService;
		};
/* End PBXContainerItemProxy section */

/* Begin PBXCopyFilesBuildPhase section */
		44053DF72AF8639F00984D35 /* Embed Frameworks */ = {
			isa = PBXCopyFilesBuildPhase;
			buildActionMask = 2147483647;
			dstPath = "";
			dstSubfolderSpec = 10;
			files = (
				44053DF62AF8639F00984D35 /* StorageService.framework in Embed Frameworks */,
			);
			name = "Embed Frameworks";
			runOnlyForDeploymentPostprocessing = 0;
		};
/* End PBXCopyFilesBuildPhase section */

/* Begin PBXFileReference section */
		44053DE02AF8639F00984D35 /* StorageService.framework */ = {isa = PBXFileReference; explicitFileType = wrapper.framework; includeInIndex = 0; path = StorageService.framework; sourceTree = BUILT_PRODUCTS_DIR; };
		44053DE22AF8639F00984D35 /* StorageService.h */ = {isa = PBXFileReference; lastKnownFileType = sourcecode.c.h; path = StorageService.h; sourceTree = "<group>"; };
		44053DE32AF8639F00984D35 /* StorageService.docc */ = {isa = PBXFileReference; lastKnownFileType = folder.documentationcatalog; path = StorageService.docc; sourceTree = "<group>"; };
		44053DE92AF8639F00984D35 /* StorageServiceTests.xctest */ = {isa = PBXFileReference; explicitFileType = wrapper.cfbundle; includeInIndex = 0; path = StorageServiceTests.xctest; sourceTree = BUILT_PRODUCTS_DIR; };
		44053DF02AF8639F00984D35 /* StorageServiceTests.swift */ = {isa = PBXFileReference; lastKnownFileType = sourcecode.swift; path = StorageServiceTests.swift; sourceTree = "<group>"; };
		44121F0A2ACF7B7800D1E820 /* LogInViewController.swift */ = {isa = PBXFileReference; lastKnownFileType = sourcecode.swift; path = LogInViewController.swift; sourceTree = "<group>"; };
		441857692AB1F3A0003F77CC /* Navigation.app */ = {isa = PBXFileReference; explicitFileType = wrapper.application; includeInIndex = 0; path = Navigation.app; sourceTree = BUILT_PRODUCTS_DIR; };
		4418576C2AB1F3A0003F77CC /* AppDelegate.swift */ = {isa = PBXFileReference; lastKnownFileType = sourcecode.swift; path = AppDelegate.swift; sourceTree = "<group>"; };
		4418576E2AB1F3A0003F77CC /* SceneDelegate.swift */ = {isa = PBXFileReference; lastKnownFileType = sourcecode.swift; path = SceneDelegate.swift; sourceTree = "<group>"; };
		441857752AB1F3A1003F77CC /* Assets.xcassets */ = {isa = PBXFileReference; lastKnownFileType = folder.assetcatalog; path = Assets.xcassets; sourceTree = "<group>"; };
		441857782AB1F3A1003F77CC /* Base */ = {isa = PBXFileReference; lastKnownFileType = file.storyboard; name = Base; path = Base.lproj/LaunchScreen.storyboard; sourceTree = "<group>"; };
		4418577A2AB1F3A1003F77CC /* Info.plist */ = {isa = PBXFileReference; lastKnownFileType = text.plist.xml; path = Info.plist; sourceTree = "<group>"; };
		441857802AB1F436003F77CC /* ProfileViewController.swift */ = {isa = PBXFileReference; lastKnownFileType = sourcecode.swift; path = ProfileViewController.swift; sourceTree = "<group>"; };
		441857822AB1F443003F77CC /* FeedViewController.swift */ = {isa = PBXFileReference; lastKnownFileType = sourcecode.swift; path = FeedViewController.swift; sourceTree = "<group>"; };
		441857842AB1F9E0003F77CC /* PostViewController.swift */ = {isa = PBXFileReference; lastKnownFileType = sourcecode.swift; path = PostViewController.swift; sourceTree = "<group>"; };
		441857882AB1FE70003F77CC /* InfoViewController.swift */ = {isa = PBXFileReference; lastKnownFileType = sourcecode.swift; path = InfoViewController.swift; sourceTree = "<group>"; };
		442A0EFC2B13ED9100851992 /* FeedModel.swift */ = {isa = PBXFileReference; lastKnownFileType = sourcecode.swift; path = FeedModel.swift; sourceTree = "<group>"; };
		443094652B0285BA0082397C /* Cheker.swift */ = {isa = PBXFileReference; lastKnownFileType = sourcecode.swift; path = Cheker.swift; sourceTree = "<group>"; };
		443094672B02FAC40082397C /* LoginViewControllerDelegate.swift */ = {isa = PBXFileReference; lastKnownFileType = sourcecode.swift; path = LoginViewControllerDelegate.swift; sourceTree = "<group>"; };
		443094692B0301E30082397C /* LoginInspector.swift */ = {isa = PBXFileReference; lastKnownFileType = sourcecode.swift; path = LoginInspector.swift; sourceTree = "<group>"; };
		4472CF262B1171C300300709 /* CustomButton.swift */ = {isa = PBXFileReference; lastKnownFileType = sourcecode.swift; path = CustomButton.swift; sourceTree = "<group>"; };
		447A3E072ADE9DE2003274DB /* PostTableViewCell.swift */ = {isa = PBXFileReference; lastKnownFileType = sourcecode.swift; path = PostTableViewCell.swift; sourceTree = "<group>"; };
		448216732AE9504E00BA3C25 /* CellForPhotosTableViewCell.swift */ = {isa = PBXFileReference; lastKnownFileType = sourcecode.swift; path = CellForPhotosTableViewCell.swift; sourceTree = "<group>"; };
		4486D5A32AFAEAF900469365 /* Post.swift */ = {isa = PBXFileReference; fileEncoding = 4; lastKnownFileType = sourcecode.swift; path = Post.swift; sourceTree = "<group>"; };
		4486D5A52AFAEB0700469365 /* UserService.swift */ = {isa = PBXFileReference; fileEncoding = 4; lastKnownFileType = sourcecode.swift; path = UserService.swift; sourceTree = "<group>"; };
		44879C742AEB2852007FA135 /* PhotosViewController.swift */ = {isa = PBXFileReference; lastKnownFileType = sourcecode.swift; path = PhotosViewController.swift; sourceTree = "<group>"; };
		44879C772AEB2D7C007FA135 /* PhotosCollectionViewCell.swift */ = {isa = PBXFileReference; lastKnownFileType = sourcecode.swift; path = PhotosCollectionViewCell.swift; sourceTree = "<group>"; };
		448DB1542B159E7C00F53047 /* FeedView.swift */ = {isa = PBXFileReference; lastKnownFileType = sourcecode.swift; path = FeedView.swift; sourceTree = "<group>"; };
		448DB1582B15A2DC00F53047 /* FeedViewDelegate.swift */ = {isa = PBXFileReference; fileEncoding = 4; lastKnownFileType = sourcecode.swift; path = FeedViewDelegate.swift; sourceTree = "<group>"; };
		4494F38D2B0E288000E8B904 /* ResizeImage.swift */ = {isa = PBXFileReference; lastKnownFileType = sourcecode.swift; path = ResizeImage.swift; sourceTree = "<group>"; };
		4494F38F2B0E289900E8B904 /* MakeUIImageArray.swift */ = {isa = PBXFileReference; lastKnownFileType = sourcecode.swift; path = MakeUIImageArray.swift; sourceTree = "<group>"; };
		4499DC9C2AE8948D0057EF73 /* PhotosTableViewCell.swift */ = {isa = PBXFileReference; lastKnownFileType = sourcecode.swift; path = PhotosTableViewCell.swift; sourceTree = "<group>"; };
		44A8A4C12B1F2A4300B88FF5 /* ProfileViewModel.swift */ = {isa = PBXFileReference; lastKnownFileType = sourcecode.swift; path = ProfileViewModel.swift; sourceTree = "<group>"; };
		44B40C102AB739DD00EF39DC /* ProfileHeaderView.swift */ = {isa = PBXFileReference; lastKnownFileType = sourcecode.swift; path = ProfileHeaderView.swift; sourceTree = "<group>"; wrapsLines = 0; };
		44E370A52B062FF3001592DA /* LoginFactory.swift */ = {isa = PBXFileReference; lastKnownFileType = sourcecode.swift; path = LoginFactory.swift; sourceTree = "<group>"; };
/* End PBXFileReference section */

/* Begin PBXFrameworksBuildPhase section */
		44053DDD2AF8639F00984D35 /* Frameworks */ = {
			isa = PBXFrameworksBuildPhase;
			buildActionMask = 2147483647;
			files = (
			);
			runOnlyForDeploymentPostprocessing = 0;
		};
		44053DE62AF8639F00984D35 /* Frameworks */ = {
			isa = PBXFrameworksBuildPhase;
			buildActionMask = 2147483647;
			files = (
				44053DEA2AF8639F00984D35 /* StorageService.framework in Frameworks */,
			);
			runOnlyForDeploymentPostprocessing = 0;
		};
		441857662AB1F3A0003F77CC /* Frameworks */ = {
			isa = PBXFrameworksBuildPhase;
			buildActionMask = 2147483647;
			files = (
				44053DF52AF8639F00984D35 /* StorageService.framework in Frameworks */,
				44803D0A2B2F40F600B0D490 /* iOSIntPackage in Frameworks */,
			);
			runOnlyForDeploymentPostprocessing = 0;
		};
/* End PBXFrameworksBuildPhase section */

/* Begin PBXGroup section */
		44053DE12AF8639F00984D35 /* StorageService */ = {
			isa = PBXGroup;
			children = (
				448DB1582B15A2DC00F53047 /* FeedViewDelegate.swift */,
				443094652B0285BA0082397C /* Cheker.swift */,
				443094672B02FAC40082397C /* LoginViewControllerDelegate.swift */,
				4486D5A52AFAEB0700469365 /* UserService.swift */,
				4486D5A32AFAEAF900469365 /* Post.swift */,
				44053DE22AF8639F00984D35 /* StorageService.h */,
				44053DE32AF8639F00984D35 /* StorageService.docc */,
				443094692B0301E30082397C /* LoginInspector.swift */,
				44E370A52B062FF3001592DA /* LoginFactory.swift */,
			);
			path = StorageService;
			sourceTree = "<group>";
		};
		44053DEF2AF8639F00984D35 /* StorageServiceTests */ = {
			isa = PBXGroup;
			children = (
				44053DF02AF8639F00984D35 /* StorageServiceTests.swift */,
			);
			path = StorageServiceTests;
			sourceTree = "<group>";
		};
		441857602AB1F3A0003F77CC = {
			isa = PBXGroup;
			children = (
				4418576B2AB1F3A0003F77CC /* Navigation */,
				44053DE12AF8639F00984D35 /* StorageService */,
				44053DEF2AF8639F00984D35 /* StorageServiceTests */,
				4418576A2AB1F3A0003F77CC /* Products */,
			);
			sourceTree = "<group>";
		};
		4418576A2AB1F3A0003F77CC /* Products */ = {
			isa = PBXGroup;
			children = (
				441857692AB1F3A0003F77CC /* Navigation.app */,
				44053DE02AF8639F00984D35 /* StorageService.framework */,
				44053DE92AF8639F00984D35 /* StorageServiceTests.xctest */,
			);
			name = Products;
			sourceTree = "<group>";
		};
		4418576B2AB1F3A0003F77CC /* Navigation */ = {
			isa = PBXGroup;
			children = (
				448216752AE9514E00BA3C25 /* App */,
				448216772AE9518F00BA3C25 /* ProfileBranch */,
				448216762AE9516200BA3C25 /* FeedBranch */,
				4494F3912B0E28B900E8B904 /* AdditionalFiles */,
				4418577A2AB1F3A1003F77CC /* Info.plist */,
				441857752AB1F3A1003F77CC /* Assets.xcassets */,
				441857772AB1F3A1003F77CC /* LaunchScreen.storyboard */,
			);
			path = Navigation;
			sourceTree = "<group>";
		};
		448216752AE9514E00BA3C25 /* App */ = {
			isa = PBXGroup;
			children = (
				4418576E2AB1F3A0003F77CC /* SceneDelegate.swift */,
				4418576C2AB1F3A0003F77CC /* AppDelegate.swift */,
			);
			path = App;
			sourceTree = "<group>";
		};
		448216762AE9516200BA3C25 /* FeedBranch */ = {
			isa = PBXGroup;
			children = (
				44E287962B16560700622445 /* FeedMVC */,
				441857842AB1F9E0003F77CC /* PostViewController.swift */,
				441857882AB1FE70003F77CC /* InfoViewController.swift */,
			);
			path = FeedBranch;
			sourceTree = "<group>";
		};
		448216772AE9518F00BA3C25 /* ProfileBranch */ = {
			isa = PBXGroup;
			children = (
				44A8A4BD2B1F27BA00B88FF5 /* ProfileVC */,
				44A8A4BF2B1F281200B88FF5 /* Login */,
			);
			path = ProfileBranch;
			sourceTree = "<group>";
		};
		448216782AE951CA00BA3C25 /* PhotosView */ = {
			isa = PBXGroup;
			children = (
				4499DC9C2AE8948D0057EF73 /* PhotosTableViewCell.swift */,
				448216732AE9504E00BA3C25 /* CellForPhotosTableViewCell.swift */,
				44879C762AEB2855007FA135 /* Gallery */,
			);
			path = PhotosView;
			sourceTree = "<group>";
		};
		44879C762AEB2855007FA135 /* Gallery */ = {
			isa = PBXGroup;
			children = (
				44879C742AEB2852007FA135 /* PhotosViewController.swift */,
				44879C772AEB2D7C007FA135 /* PhotosCollectionViewCell.swift */,
			);
			path = Gallery;
			sourceTree = "<group>";
		};
		4494F3912B0E28B900E8B904 /* AdditionalFiles */ = {
			isa = PBXGroup;
			children = (
				4494F38D2B0E288000E8B904 /* ResizeImage.swift */,
				4494F38F2B0E289900E8B904 /* MakeUIImageArray.swift */,
				4472CF262B1171C300300709 /* CustomButton.swift */,
			);
			path = AdditionalFiles;
			sourceTree = "<group>";
		};
		44A8A4BD2B1F27BA00B88FF5 /* ProfileVC */ = {
			isa = PBXGroup;
			children = (
				44A8A4C12B1F2A4300B88FF5 /* ProfileViewModel.swift */,
				441857802AB1F436003F77CC /* ProfileViewController.swift */,
				44A8A4BE2B1F27C600B88FF5 /* ProfileView */,
			);
			path = ProfileVC;
			sourceTree = "<group>";
		};
		44A8A4BE2B1F27C600B88FF5 /* ProfileView */ = {
			isa = PBXGroup;
			children = (
				44B40C0F2AB739C100EF39DC /* ProfileHeaderView */,
				448216782AE951CA00BA3C25 /* PhotosView */,
				447A3E072ADE9DE2003274DB /* PostTableViewCell.swift */,
			);
			path = ProfileView;
			sourceTree = "<group>";
		};
		44A8A4BF2B1F281200B88FF5 /* Login */ = {
			isa = PBXGroup;
			children = (
				44121F0A2ACF7B7800D1E820 /* LogInViewController.swift */,
			);
			path = Login;
			sourceTree = "<group>";
		};
		44B40C0F2AB739C100EF39DC /* ProfileHeaderView */ = {
			isa = PBXGroup;
			children = (
				44B40C102AB739DD00EF39DC /* ProfileHeaderView.swift */,
			);
			path = ProfileHeaderView;
			sourceTree = "<group>";
		};
		44E287962B16560700622445 /* FeedMVC */ = {
			isa = PBXGroup;
			children = (
				442A0EFC2B13ED9100851992 /* FeedModel.swift */,
				448DB1542B159E7C00F53047 /* FeedView.swift */,
				441857822AB1F443003F77CC /* FeedViewController.swift */,
			);
			path = FeedMVC;
			sourceTree = "<group>";
		};
/* End PBXGroup section */

/* Begin PBXHeadersBuildPhase section */
		44053DDB2AF8639F00984D35 /* Headers */ = {
			isa = PBXHeadersBuildPhase;
			buildActionMask = 2147483647;
			files = (
				44053DF22AF8639F00984D35 /* StorageService.h in Headers */,
			);
			runOnlyForDeploymentPostprocessing = 0;
		};
/* End PBXHeadersBuildPhase section */

/* Begin PBXNativeTarget section */
		44053DDF2AF8639F00984D35 /* StorageService */ = {
			isa = PBXNativeTarget;
			buildConfigurationList = 44053DFC2AF8639F00984D35 /* Build configuration list for PBXNativeTarget "StorageService" */;
			buildPhases = (
				44053DDB2AF8639F00984D35 /* Headers */,
				44053DDC2AF8639F00984D35 /* Sources */,
				44053DDD2AF8639F00984D35 /* Frameworks */,
				44053DDE2AF8639F00984D35 /* Resources */,
			);
			buildRules = (
			);
			dependencies = (
			);
			name = StorageService;
			productName = StorageService;
			productReference = 44053DE02AF8639F00984D35 /* StorageService.framework */;
			productType = "com.apple.product-type.framework";
		};
		44053DE82AF8639F00984D35 /* StorageServiceTests */ = {
			isa = PBXNativeTarget;
			buildConfigurationList = 44053DFD2AF8639F00984D35 /* Build configuration list for PBXNativeTarget "StorageServiceTests" */;
			buildPhases = (
				44053DE52AF8639F00984D35 /* Sources */,
				44053DE62AF8639F00984D35 /* Frameworks */,
				44053DE72AF8639F00984D35 /* Resources */,
			);
			buildRules = (
			);
			dependencies = (
				44053DEC2AF8639F00984D35 /* PBXTargetDependency */,
				44053DEE2AF8639F00984D35 /* PBXTargetDependency */,
			);
			name = StorageServiceTests;
			productName = StorageServiceTests;
			productReference = 44053DE92AF8639F00984D35 /* StorageServiceTests.xctest */;
			productType = "com.apple.product-type.bundle.unit-test";
		};
		441857682AB1F3A0003F77CC /* Navigation */ = {
			isa = PBXNativeTarget;
			buildConfigurationList = 4418577D2AB1F3A1003F77CC /* Build configuration list for PBXNativeTarget "Navigation" */;
			buildPhases = (
				441857652AB1F3A0003F77CC /* Sources */,
				441857662AB1F3A0003F77CC /* Frameworks */,
				441857672AB1F3A0003F77CC /* Resources */,
				44053DF72AF8639F00984D35 /* Embed Frameworks */,
			);
			buildRules = (
			);
			dependencies = (
				44053DF42AF8639F00984D35 /* PBXTargetDependency */,
			);
			name = Navigation;
			packageProductDependencies = (
				44803D092B2F40F600B0D490 /* iOSIntPackage */,
			);
			productName = Navigation;
			productReference = 441857692AB1F3A0003F77CC /* Navigation.app */;
			productType = "com.apple.product-type.application";
		};
/* End PBXNativeTarget section */

/* Begin PBXProject section */
		441857612AB1F3A0003F77CC /* Project object */ = {
			isa = PBXProject;
			attributes = {
				BuildIndependentTargetsInParallel = 1;
				LastSwiftUpdateCheck = 1430;
				LastUpgradeCheck = 1430;
				TargetAttributes = {
					44053DDF2AF8639F00984D35 = {
						CreatedOnToolsVersion = 14.3.1;
					};
					44053DE82AF8639F00984D35 = {
						CreatedOnToolsVersion = 14.3.1;
						TestTargetID = 441857682AB1F3A0003F77CC;
					};
					441857682AB1F3A0003F77CC = {
						CreatedOnToolsVersion = 14.3.1;
					};
				};
			};
			buildConfigurationList = 441857642AB1F3A0003F77CC /* Build configuration list for PBXProject "Navigation" */;
			compatibilityVersion = "Xcode 14.0";
			developmentRegion = en;
			hasScannedForEncodings = 0;
			knownRegions = (
				en,
				Base,
			);
			mainGroup = 441857602AB1F3A0003F77CC;
			packageReferences = (
				44803D082B2F40F600B0D490 /* XCRemoteSwiftPackageReference "iOSIntPackage" */,
			);
			productRefGroup = 4418576A2AB1F3A0003F77CC /* Products */;
			projectDirPath = "";
			projectRoot = "";
			targets = (
				441857682AB1F3A0003F77CC /* Navigation */,
				44053DDF2AF8639F00984D35 /* StorageService */,
				44053DE82AF8639F00984D35 /* StorageServiceTests */,
			);
		};
/* End PBXProject section */

/* Begin PBXResourcesBuildPhase section */
		44053DDE2AF8639F00984D35 /* Resources */ = {
			isa = PBXResourcesBuildPhase;
			buildActionMask = 2147483647;
			files = (
			);
			runOnlyForDeploymentPostprocessing = 0;
		};
		44053DE72AF8639F00984D35 /* Resources */ = {
			isa = PBXResourcesBuildPhase;
			buildActionMask = 2147483647;
			files = (
			);
			runOnlyForDeploymentPostprocessing = 0;
		};
		441857672AB1F3A0003F77CC /* Resources */ = {
			isa = PBXResourcesBuildPhase;
			buildActionMask = 2147483647;
			files = (
				441857792AB1F3A1003F77CC /* LaunchScreen.storyboard in Resources */,
				441857762AB1F3A1003F77CC /* Assets.xcassets in Resources */,
			);
			runOnlyForDeploymentPostprocessing = 0;
		};
/* End PBXResourcesBuildPhase section */

/* Begin PBXSourcesBuildPhase section */
		44053DDC2AF8639F00984D35 /* Sources */ = {
			isa = PBXSourcesBuildPhase;
			buildActionMask = 2147483647;
			files = (
				44053DE42AF8639F00984D35 /* StorageService.docc in Sources */,
				44E370A62B062FF3001592DA /* LoginFactory.swift in Sources */,
				443094662B0285BA0082397C /* Cheker.swift in Sources */,
				448DB1592B15A2DC00F53047 /* FeedViewDelegate.swift in Sources */,
				443094682B02FAC40082397C /* LoginViewControllerDelegate.swift in Sources */,
				4430946A2B0301E30082397C /* LoginInspector.swift in Sources */,
				4486D5A42AFAEAF900469365 /* Post.swift in Sources */,
				4486D5A62AFAEB0700469365 /* UserService.swift in Sources */,
			);
			runOnlyForDeploymentPostprocessing = 0;
		};
		44053DE52AF8639F00984D35 /* Sources */ = {
			isa = PBXSourcesBuildPhase;
			buildActionMask = 2147483647;
			files = (
				44053DF12AF8639F00984D35 /* StorageServiceTests.swift in Sources */,
			);
			runOnlyForDeploymentPostprocessing = 0;
		};
		441857652AB1F3A0003F77CC /* Sources */ = {
			isa = PBXSourcesBuildPhase;
			buildActionMask = 2147483647;
			files = (
				441857852AB1F9E0003F77CC /* PostViewController.swift in Sources */,
				44A8A4C22B1F2A4300B88FF5 /* ProfileViewModel.swift in Sources */,
				4418576D2AB1F3A0003F77CC /* AppDelegate.swift in Sources */,
				442A0EFD2B13ED9100851992 /* FeedModel.swift in Sources */,
				441857832AB1F443003F77CC /* FeedViewController.swift in Sources */,
				4494F38E2B0E288000E8B904 /* ResizeImage.swift in Sources */,
				4472CF272B1171C300300709 /* CustomButton.swift in Sources */,
				44B40C112AB739DD00EF39DC /* ProfileHeaderView.swift in Sources */,
				441857812AB1F436003F77CC /* ProfileViewController.swift in Sources */,
				4494F3902B0E289900E8B904 /* MakeUIImageArray.swift in Sources */,
				441857892AB1FE70003F77CC /* InfoViewController.swift in Sources */,
				448DB1552B159E7C00F53047 /* FeedView.swift in Sources */,
				4499DC9D2AE8948D0057EF73 /* PhotosTableViewCell.swift in Sources */,
				44879C752AEB2852007FA135 /* PhotosViewController.swift in Sources */,
				44121F0B2ACF7B7800D1E820 /* LogInViewController.swift in Sources */,
				4418576F2AB1F3A0003F77CC /* SceneDelegate.swift in Sources */,
				44879C782AEB2D7C007FA135 /* PhotosCollectionViewCell.swift in Sources */,
				448216742AE9504E00BA3C25 /* CellForPhotosTableViewCell.swift in Sources */,
				447A3E082ADE9DE2003274DB /* PostTableViewCell.swift in Sources */,
			);
			runOnlyForDeploymentPostprocessing = 0;
		};
/* End PBXSourcesBuildPhase section */

/* Begin PBXTargetDependency section */
		44053DEC2AF8639F00984D35 /* PBXTargetDependency */ = {
			isa = PBXTargetDependency;
			target = 44053DDF2AF8639F00984D35 /* StorageService */;
			targetProxy = 44053DEB2AF8639F00984D35 /* PBXContainerItemProxy */;
		};
		44053DEE2AF8639F00984D35 /* PBXTargetDependency */ = {
			isa = PBXTargetDependency;
			target = 441857682AB1F3A0003F77CC /* Navigation */;
			targetProxy = 44053DED2AF8639F00984D35 /* PBXContainerItemProxy */;
		};
		44053DF42AF8639F00984D35 /* PBXTargetDependency */ = {
			isa = PBXTargetDependency;
			target = 44053DDF2AF8639F00984D35 /* StorageService */;
			targetProxy = 44053DF32AF8639F00984D35 /* PBXContainerItemProxy */;
		};
/* End PBXTargetDependency section */

/* Begin PBXVariantGroup section */
		441857772AB1F3A1003F77CC /* LaunchScreen.storyboard */ = {
			isa = PBXVariantGroup;
			children = (
				441857782AB1F3A1003F77CC /* Base */,
			);
			name = LaunchScreen.storyboard;
			sourceTree = "<group>";
		};
/* End PBXVariantGroup section */

/* Begin XCBuildConfiguration section */
		44053DF82AF8639F00984D35 /* Debug */ = {
			isa = XCBuildConfiguration;
			buildSettings = {
				CODE_SIGN_STYLE = Automatic;
				CURRENT_PROJECT_VERSION = 1;
				DEFINES_MODULE = YES;
				DYLIB_COMPATIBILITY_VERSION = 1;
				DYLIB_CURRENT_VERSION = 1;
				DYLIB_INSTALL_NAME_BASE = "@rpath";
				ENABLE_MODULE_VERIFIER = YES;
				GENERATE_INFOPLIST_FILE = YES;
				INFOPLIST_KEY_NSHumanReadableCopyright = "";
				INSTALL_PATH = "$(LOCAL_LIBRARY_DIR)/Frameworks";
				LD_RUNPATH_SEARCH_PATHS = (
					"$(inherited)",
					"@executable_path/Frameworks",
					"@loader_path/Frameworks",
				);
				MARKETING_VERSION = 1.0;
				MODULE_VERIFIER_SUPPORTED_LANGUAGES = "objective-c objective-c++";
				MODULE_VERIFIER_SUPPORTED_LANGUAGE_STANDARDS = "gnu11 gnu++20";
				PRODUCT_BUNDLE_IDENTIFIER = com.Netology.StorageService;
				PRODUCT_NAME = "$(TARGET_NAME:c99extidentifier)";
				SKIP_INSTALL = YES;
				SWIFT_EMIT_LOC_STRINGS = YES;
				SWIFT_VERSION = 5.0;
				TARGETED_DEVICE_FAMILY = "1,2";
				VERSIONING_SYSTEM = "apple-generic";
				VERSION_INFO_PREFIX = "";
			};
			name = Debug;
		};
		44053DF92AF8639F00984D35 /* Release */ = {
			isa = XCBuildConfiguration;
			buildSettings = {
				CODE_SIGN_STYLE = Automatic;
				CURRENT_PROJECT_VERSION = 1;
				DEFINES_MODULE = YES;
				DYLIB_COMPATIBILITY_VERSION = 1;
				DYLIB_CURRENT_VERSION = 1;
				DYLIB_INSTALL_NAME_BASE = "@rpath";
				ENABLE_MODULE_VERIFIER = YES;
				GENERATE_INFOPLIST_FILE = YES;
				INFOPLIST_KEY_NSHumanReadableCopyright = "";
				INSTALL_PATH = "$(LOCAL_LIBRARY_DIR)/Frameworks";
				LD_RUNPATH_SEARCH_PATHS = (
					"$(inherited)",
					"@executable_path/Frameworks",
					"@loader_path/Frameworks",
				);
				MARKETING_VERSION = 1.0;
				MODULE_VERIFIER_SUPPORTED_LANGUAGES = "objective-c objective-c++";
				MODULE_VERIFIER_SUPPORTED_LANGUAGE_STANDARDS = "gnu11 gnu++20";
				PRODUCT_BUNDLE_IDENTIFIER = com.Netology.StorageService;
				PRODUCT_NAME = "$(TARGET_NAME:c99extidentifier)";
				SKIP_INSTALL = YES;
				SWIFT_EMIT_LOC_STRINGS = YES;
				SWIFT_VERSION = 5.0;
				TARGETED_DEVICE_FAMILY = "1,2";
				VERSIONING_SYSTEM = "apple-generic";
				VERSION_INFO_PREFIX = "";
			};
			name = Release;
		};
		44053DFA2AF8639F00984D35 /* Debug */ = {
			isa = XCBuildConfiguration;
			buildSettings = {
				ALWAYS_EMBED_SWIFT_STANDARD_LIBRARIES = YES;
				CODE_SIGN_STYLE = Automatic;
				CURRENT_PROJECT_VERSION = 1;
				GENERATE_INFOPLIST_FILE = YES;
				MARKETING_VERSION = 1.0;
				PRODUCT_BUNDLE_IDENTIFIER = com.Netology.StorageServiceTests;
				PRODUCT_NAME = "$(TARGET_NAME)";
				SWIFT_EMIT_LOC_STRINGS = NO;
				SWIFT_VERSION = 5.0;
				TARGETED_DEVICE_FAMILY = "1,2";
				TEST_HOST = "$(BUILT_PRODUCTS_DIR)/Navigation.app/$(BUNDLE_EXECUTABLE_FOLDER_PATH)/Navigation";
			};
			name = Debug;
		};
		44053DFB2AF8639F00984D35 /* Release */ = {
			isa = XCBuildConfiguration;
			buildSettings = {
				ALWAYS_EMBED_SWIFT_STANDARD_LIBRARIES = YES;
				CODE_SIGN_STYLE = Automatic;
				CURRENT_PROJECT_VERSION = 1;
				GENERATE_INFOPLIST_FILE = YES;
				MARKETING_VERSION = 1.0;
				PRODUCT_BUNDLE_IDENTIFIER = com.Netology.StorageServiceTests;
				PRODUCT_NAME = "$(TARGET_NAME)";
				SWIFT_EMIT_LOC_STRINGS = NO;
				SWIFT_VERSION = 5.0;
				TARGETED_DEVICE_FAMILY = "1,2";
				TEST_HOST = "$(BUILT_PRODUCTS_DIR)/Navigation.app/$(BUNDLE_EXECUTABLE_FOLDER_PATH)/Navigation";
			};
			name = Release;
		};
		4418577B2AB1F3A1003F77CC /* Debug */ = {
			isa = XCBuildConfiguration;
			buildSettings = {
				ALWAYS_SEARCH_USER_PATHS = NO;
				CLANG_ANALYZER_NONNULL = YES;
				CLANG_ANALYZER_NUMBER_OBJECT_CONVERSION = YES_AGGRESSIVE;
				CLANG_CXX_LANGUAGE_STANDARD = "gnu++20";
				CLANG_ENABLE_MODULES = YES;
				CLANG_ENABLE_OBJC_ARC = YES;
				CLANG_ENABLE_OBJC_WEAK = YES;
				CLANG_WARN_BLOCK_CAPTURE_AUTORELEASING = YES;
				CLANG_WARN_BOOL_CONVERSION = YES;
				CLANG_WARN_COMMA = YES;
				CLANG_WARN_CONSTANT_CONVERSION = YES;
				CLANG_WARN_DEPRECATED_OBJC_IMPLEMENTATIONS = YES;
				CLANG_WARN_DIRECT_OBJC_ISA_USAGE = YES_ERROR;
				CLANG_WARN_DOCUMENTATION_COMMENTS = YES;
				CLANG_WARN_EMPTY_BODY = YES;
				CLANG_WARN_ENUM_CONVERSION = YES;
				CLANG_WARN_INFINITE_RECURSION = YES;
				CLANG_WARN_INT_CONVERSION = YES;
				CLANG_WARN_NON_LITERAL_NULL_CONVERSION = YES;
				CLANG_WARN_OBJC_IMPLICIT_RETAIN_SELF = YES;
				CLANG_WARN_OBJC_LITERAL_CONVERSION = YES;
				CLANG_WARN_OBJC_ROOT_CLASS = YES_ERROR;
				CLANG_WARN_QUOTED_INCLUDE_IN_FRAMEWORK_HEADER = YES;
				CLANG_WARN_RANGE_LOOP_ANALYSIS = YES;
				CLANG_WARN_STRICT_PROTOTYPES = YES;
				CLANG_WARN_SUSPICIOUS_MOVE = YES;
				CLANG_WARN_UNGUARDED_AVAILABILITY = YES_AGGRESSIVE;
				CLANG_WARN_UNREACHABLE_CODE = YES;
				CLANG_WARN__DUPLICATE_METHOD_MATCH = YES;
				COPY_PHASE_STRIP = NO;
				DEBUG_INFORMATION_FORMAT = dwarf;
				ENABLE_STRICT_OBJC_MSGSEND = YES;
				ENABLE_TESTABILITY = YES;
				GCC_C_LANGUAGE_STANDARD = gnu11;
				GCC_DYNAMIC_NO_PIC = NO;
				GCC_NO_COMMON_BLOCKS = YES;
				GCC_OPTIMIZATION_LEVEL = 0;
				GCC_PREPROCESSOR_DEFINITIONS = (
					"DEBUG=1",
					"$(inherited)",
				);
				GCC_WARN_64_TO_32_BIT_CONVERSION = YES;
				GCC_WARN_ABOUT_RETURN_TYPE = YES_ERROR;
				GCC_WARN_UNDECLARED_SELECTOR = YES;
				GCC_WARN_UNINITIALIZED_AUTOS = YES_AGGRESSIVE;
				GCC_WARN_UNUSED_FUNCTION = YES;
				GCC_WARN_UNUSED_VARIABLE = YES;
				IPHONEOS_DEPLOYMENT_TARGET = 16.4;
				MTL_ENABLE_DEBUG_INFO = INCLUDE_SOURCE;
				MTL_FAST_MATH = YES;
				ONLY_ACTIVE_ARCH = YES;
				SDKROOT = iphoneos;
				SWIFT_ACTIVE_COMPILATION_CONDITIONS = DEBUG;
				SWIFT_OPTIMIZATION_LEVEL = "-Onone";
			};
			name = Debug;
		};
		4418577C2AB1F3A1003F77CC /* Release */ = {
			isa = XCBuildConfiguration;
			buildSettings = {
				ALWAYS_SEARCH_USER_PATHS = NO;
				CLANG_ANALYZER_NONNULL = YES;
				CLANG_ANALYZER_NUMBER_OBJECT_CONVERSION = YES_AGGRESSIVE;
				CLANG_CXX_LANGUAGE_STANDARD = "gnu++20";
				CLANG_ENABLE_MODULES = YES;
				CLANG_ENABLE_OBJC_ARC = YES;
				CLANG_ENABLE_OBJC_WEAK = YES;
				CLANG_WARN_BLOCK_CAPTURE_AUTORELEASING = YES;
				CLANG_WARN_BOOL_CONVERSION = YES;
				CLANG_WARN_COMMA = YES;
				CLANG_WARN_CONSTANT_CONVERSION = YES;
				CLANG_WARN_DEPRECATED_OBJC_IMPLEMENTATIONS = YES;
				CLANG_WARN_DIRECT_OBJC_ISA_USAGE = YES_ERROR;
				CLANG_WARN_DOCUMENTATION_COMMENTS = YES;
				CLANG_WARN_EMPTY_BODY = YES;
				CLANG_WARN_ENUM_CONVERSION = YES;
				CLANG_WARN_INFINITE_RECURSION = YES;
				CLANG_WARN_INT_CONVERSION = YES;
				CLANG_WARN_NON_LITERAL_NULL_CONVERSION = YES;
				CLANG_WARN_OBJC_IMPLICIT_RETAIN_SELF = YES;
				CLANG_WARN_OBJC_LITERAL_CONVERSION = YES;
				CLANG_WARN_OBJC_ROOT_CLASS = YES_ERROR;
				CLANG_WARN_QUOTED_INCLUDE_IN_FRAMEWORK_HEADER = YES;
				CLANG_WARN_RANGE_LOOP_ANALYSIS = YES;
				CLANG_WARN_STRICT_PROTOTYPES = YES;
				CLANG_WARN_SUSPICIOUS_MOVE = YES;
				CLANG_WARN_UNGUARDED_AVAILABILITY = YES_AGGRESSIVE;
				CLANG_WARN_UNREACHABLE_CODE = YES;
				CLANG_WARN__DUPLICATE_METHOD_MATCH = YES;
				COPY_PHASE_STRIP = NO;
				DEBUG_INFORMATION_FORMAT = "dwarf-with-dsym";
				ENABLE_NS_ASSERTIONS = NO;
				ENABLE_STRICT_OBJC_MSGSEND = YES;
				GCC_C_LANGUAGE_STANDARD = gnu11;
				GCC_NO_COMMON_BLOCKS = YES;
				GCC_WARN_64_TO_32_BIT_CONVERSION = YES;
				GCC_WARN_ABOUT_RETURN_TYPE = YES_ERROR;
				GCC_WARN_UNDECLARED_SELECTOR = YES;
				GCC_WARN_UNINITIALIZED_AUTOS = YES_AGGRESSIVE;
				GCC_WARN_UNUSED_FUNCTION = YES;
				GCC_WARN_UNUSED_VARIABLE = YES;
				IPHONEOS_DEPLOYMENT_TARGET = 16.4;
				MTL_ENABLE_DEBUG_INFO = NO;
				MTL_FAST_MATH = YES;
				SDKROOT = iphoneos;
				SWIFT_COMPILATION_MODE = wholemodule;
				SWIFT_OPTIMIZATION_LEVEL = "-O";
				VALIDATE_PRODUCT = YES;
			};
			name = Release;
		};
		4418577E2AB1F3A1003F77CC /* Debug */ = {
			isa = XCBuildConfiguration;
			buildSettings = {
				ALWAYS_EMBED_SWIFT_STANDARD_LIBRARIES = YES;
				ASSETCATALOG_COMPILER_APPICON_NAME = AppIcon;
				ASSETCATALOG_COMPILER_GLOBAL_ACCENT_COLOR_NAME = AccentColor;
				CODE_SIGN_STYLE = Automatic;
				CURRENT_PROJECT_VERSION = 1;
				GENERATE_INFOPLIST_FILE = YES;
				INFOPLIST_FILE = Navigation/Info.plist;
				INFOPLIST_KEY_UIApplicationSupportsIndirectInputEvents = YES;
				INFOPLIST_KEY_UILaunchStoryboardName = LaunchScreen;
				INFOPLIST_KEY_UISupportedInterfaceOrientations_iPad = "UIInterfaceOrientationPortrait UIInterfaceOrientationPortraitUpsideDown UIInterfaceOrientationLandscapeLeft UIInterfaceOrientationLandscapeRight";
				INFOPLIST_KEY_UISupportedInterfaceOrientations_iPhone = "UIInterfaceOrientationPortrait UIInterfaceOrientationLandscapeLeft UIInterfaceOrientationLandscapeRight";
				LD_RUNPATH_SEARCH_PATHS = (
					"$(inherited)",
					"@executable_path/Frameworks",
				);
				MARKETING_VERSION = 1.0;
				PRODUCT_BUNDLE_IDENTIFIER = com.Netology.Navigation;
				PRODUCT_NAME = "$(TARGET_NAME)";
				SWIFT_EMIT_LOC_STRINGS = YES;
				SWIFT_VERSION = 5.0;
				TARGETED_DEVICE_FAMILY = "1,2";
			};
			name = Debug;
		};
		4418577F2AB1F3A1003F77CC /* Release */ = {
			isa = XCBuildConfiguration;
			buildSettings = {
				ALWAYS_EMBED_SWIFT_STANDARD_LIBRARIES = YES;
				ASSETCATALOG_COMPILER_APPICON_NAME = AppIcon;
				ASSETCATALOG_COMPILER_GLOBAL_ACCENT_COLOR_NAME = AccentColor;
				CODE_SIGN_STYLE = Automatic;
				CURRENT_PROJECT_VERSION = 1;
				GENERATE_INFOPLIST_FILE = YES;
				INFOPLIST_FILE = Navigation/Info.plist;
				INFOPLIST_KEY_UIApplicationSupportsIndirectInputEvents = YES;
				INFOPLIST_KEY_UILaunchStoryboardName = LaunchScreen;
				INFOPLIST_KEY_UISupportedInterfaceOrientations_iPad = "UIInterfaceOrientationPortrait UIInterfaceOrientationPortraitUpsideDown UIInterfaceOrientationLandscapeLeft UIInterfaceOrientationLandscapeRight";
				INFOPLIST_KEY_UISupportedInterfaceOrientations_iPhone = "UIInterfaceOrientationPortrait UIInterfaceOrientationLandscapeLeft UIInterfaceOrientationLandscapeRight";
				LD_RUNPATH_SEARCH_PATHS = (
					"$(inherited)",
					"@executable_path/Frameworks",
				);
				MARKETING_VERSION = 1.0;
				PRODUCT_BUNDLE_IDENTIFIER = com.Netology.Navigation;
				PRODUCT_NAME = "$(TARGET_NAME)";
				SWIFT_EMIT_LOC_STRINGS = YES;
				SWIFT_VERSION = 5.0;
				TARGETED_DEVICE_FAMILY = "1,2";
			};
			name = Release;
		};
/* End XCBuildConfiguration section */

/* Begin XCConfigurationList section */
		44053DFC2AF8639F00984D35 /* Build configuration list for PBXNativeTarget "StorageService" */ = {
			isa = XCConfigurationList;
			buildConfigurations = (
				44053DF82AF8639F00984D35 /* Debug */,
				44053DF92AF8639F00984D35 /* Release */,
			);
			defaultConfigurationIsVisible = 0;
			defaultConfigurationName = Release;
		};
		44053DFD2AF8639F00984D35 /* Build configuration list for PBXNativeTarget "StorageServiceTests" */ = {
			isa = XCConfigurationList;
			buildConfigurations = (
				44053DFA2AF8639F00984D35 /* Debug */,
				44053DFB2AF8639F00984D35 /* Release */,
			);
			defaultConfigurationIsVisible = 0;
			defaultConfigurationName = Release;
		};
		441857642AB1F3A0003F77CC /* Build configuration list for PBXProject "Navigation" */ = {
			isa = XCConfigurationList;
			buildConfigurations = (
				4418577B2AB1F3A1003F77CC /* Debug */,
				4418577C2AB1F3A1003F77CC /* Release */,
			);
			defaultConfigurationIsVisible = 0;
			defaultConfigurationName = Release;
		};
		4418577D2AB1F3A1003F77CC /* Build configuration list for PBXNativeTarget "Navigation" */ = {
			isa = XCConfigurationList;
			buildConfigurations = (
				4418577E2AB1F3A1003F77CC /* Debug */,
				4418577F2AB1F3A1003F77CC /* Release */,
			);
			defaultConfigurationIsVisible = 0;
			defaultConfigurationName = Release;
		};
/* End XCConfigurationList section */

/* Begin XCRemoteSwiftPackageReference section */
		44803D082B2F40F600B0D490 /* XCRemoteSwiftPackageReference "iOSIntPackage" */ = {
			isa = XCRemoteSwiftPackageReference;
			repositoryURL = "https://github.com/TrueMax/iOSIntPackage";
			requirement = {
				kind = exactVersion;
				version = 3.2.3;
			};
		};
/* End XCRemoteSwiftPackageReference section */

/* Begin XCSwiftPackageProductDependency section */
		44803D092B2F40F600B0D490 /* iOSIntPackage */ = {
			isa = XCSwiftPackageProductDependency;
			package = 44803D082B2F40F600B0D490 /* XCRemoteSwiftPackageReference "iOSIntPackage" */;
			productName = iOSIntPackage;
		};
/* End XCSwiftPackageProductDependency section */
	};
	rootObject = 441857612AB1F3A0003F77CC /* Project object */;
}
